
Microsoft Visual Studio Solution File, Format Version 12.00
# Visual Studio Version 17
VisualStudioVersion = 17.10.35027.167
MinimumVisualStudioVersion = 10.0.40219.1
Project("{8BC9CEB8-8B4A-11D0-8D11-00A0C91BC942}") = "lxsdk", "%LXDEV%\lxsdk.vcxproj", "{E74E2D72-C671-4B48-A04C-76169DF7AB09}"
EndProject
Project("{2150E333-8FDC-42A3-9474-1A3956D46DE8}") = "channel_modifier", "channel_modifier", "{70852085-48F4-4403-B12F-D04AC097231B}"
EndProject
Project("{8BC9CEB8-8B4A-11D0-8D11-00A0C91BC942}") = "channel_modifier_double", "%LXSDK%\samples\channel_modifier\channel_modifier_double.vcxproj", "{DE0059B0-A7AB-46A7-BF8A-8CACA860BDDE}"
	ProjectSection(ProjectDependencies) = postProject
		{E74E2D72-C671-4B48-A04C-76169DF7AB09} = {E74E2D72-C671-4B48-A04C-76169DF7AB09}
	EndProjectSection
EndProject
Project("{8BC9CEB8-8B4A-11D0-8D11-00A0C91BC942}") = "channel_modifier_linear_blend", "%LXSDK%\samples\channel_modifier\channel_modifier_linear_blend.vcxproj", "{9459815C-BBDB-43EE-B87E-6F701604A7C8}"
	ProjectSection(ProjectDependencies) = postProject
		{E74E2D72-C671-4B48-A04C-76169DF7AB09} = {E74E2D72-C671-4B48-A04C-76169DF7AB09}
	EndProjectSection
EndProject
Project("{8BC9CEB8-8B4A-11D0-8D11-00A0C91BC942}") = "channel_modifier_simple_kinematics", "%LXSDK%\samples\channel_modifier\channel_modifier_simple_kinematics.vcxproj", "{3EE79A2B-5CEE-4B43-97CF-7742E15AE52E}"
	ProjectSection(ProjectDependencies) = postProject
		{E74E2D72-C671-4B48-A04C-76169DF7AB09} = {E74E2D72-C671-4B48-A04C-76169DF7AB09}
	EndProjectSection
EndProject
Project("{8BC9CEB8-8B4A-11D0-8D11-00A0C91BC942}") = "channel_modifier_simwave", "%LXSDK%\samples\channel_modifier\channel_modifier_simwave.vcxproj", "{5D31BBF7-7617-4B92-93BF-2BFCEE22C2B9}"
	ProjectSection(ProjectDependencies) = postProject
		{E74E2D72-C671-4B48-A04C-76169DF7AB09} = {E74E2D72-C671-4B48-A04C-76169DF7AB09}
	EndProjectSection
EndProject
Project("{8BC9CEB8-8B4A-11D0-8D11-00A0C91BC942}") = "channel_modifier_sum", "%LXSDK%\samples\channel_modifier\channel_modifier_sum.vcxproj", "{8EF82B1C-E7B0-4A54-A28C-C22888345552}"
	ProjectSection(ProjectDependencies) = postProject
		{E74E2D72-C671-4B48-A04C-76169DF7AB09} = {E74E2D72-C671-4B48-A04C-76169DF7AB09}
	EndProjectSection
EndProject
Project("{2150E333-8FDC-42A3-9474-1A3956D46DE8}") = "color_model", "color_model", "{FBF0CB84-CB13-4F2C-99EB-95C8D59A6AB0}"
EndProject
Project("{8BC9CEB8-8B4A-11D0-8D11-00A0C91BC942}") = "color_model_hsv", "%LXSDK%\samples\color_model\color_model_hsv.vcxproj", "{2C98469E-0112-4D7A-BB4B-C9F2F3A0E053}"
	ProjectSection(ProjectDependencies) = postProject
		{E74E2D72-C671-4B48-A04C-76169DF7AB09} = {E74E2D72-C671-4B48-A04C-76169DF7AB09}
	EndProjectSection
EndProject
Project("{2150E333-8FDC-42A3-9474-1A3956D46DE8}") = "command", "command", "{06C1560E-6044-4709-9D43-527699B0E36E}"
EndProject
Project("{8BC9CEB8-8B4A-11D0-8D11-00A0C91BC942}") = "command_alignschema", "%LXSDK%\samples\command\command_alignschema.vcxproj", "{97A2D6EB-DBC8-40F7-85E9-6EB1E0AE0F5B}"
	ProjectSection(ProjectDependencies) = postProject
		{E74E2D72-C671-4B48-A04C-76169DF7AB09} = {E74E2D72-C671-4B48-A04C-76169DF7AB09}
	EndProjectSection
EndProject
Project("{8BC9CEB8-8B4A-11D0-8D11-00A0C91BC942}") = "command_arg", "%LXSDK%\samples\command\command_arg.vcxproj", "{A346B303-8278-45C9-AB23-E0427E67A24B}"
	ProjectSection(ProjectDependencies) = postProject
		{E74E2D72-C671-4B48-A04C-76169DF7AB09} = {E74E2D72-C671-4B48-A04C-76169DF7AB09}
	EndProjectSection
EndProject
Project("{8BC9CEB8-8B4A-11D0-8D11-00A0C91BC942}") = "command_filename", "%LXSDK%\samples\command\command_filename.vcxproj", "{502A494D-2444-4336-9026-D26CEE2F3EB2}"
	ProjectSection(ProjectDependencies) = postProject
		{E74E2D72-C671-4B48-A04C-76169DF7AB09} = {E74E2D72-C671-4B48-A04C-76169DF7AB09}
	EndProjectSection
EndProject
Project("{8BC9CEB8-8B4A-11D0-8D11-00A0C91BC942}") = "command_mesh", "%LXSDK%\samples\command\command_mesh.vcxproj", "{FEB31651-5C0D-45DB-84FF-860B10999B46}"
	ProjectSection(ProjectDependencies) = postProject
		{E74E2D72-C671-4B48-A04C-76169DF7AB09} = {E74E2D72-C671-4B48-A04C-76169DF7AB09}
	EndProjectSection
EndProject
Project("{8BC9CEB8-8B4A-11D0-8D11-00A0C91BC942}") = "command_modallayout", "%LXSDK%\samples\command\command_modallayout.vcxproj", "{67E0CF76-BA4A-465F-9434-1FE941AD7A3E}"
	ProjectSection(ProjectDependencies) = postProject
		{E74E2D72-C671-4B48-A04C-76169DF7AB09} = {E74E2D72-C671-4B48-A04C-76169DF7AB09}
	EndProjectSection
EndProject
Project("{8BC9CEB8-8B4A-11D0-8D11-00A0C91BC942}") = "command_popup", "%LXSDK%\samples\command\command_popup.vcxproj", "{C2F3A533-4D39-4779-A64D-8F594A344C15}"
	ProjectSection(ProjectDependencies) = postProject
		{E74E2D72-C671-4B48-A04C-76169DF7AB09} = {E74E2D72-C671-4B48-A04C-76169DF7AB09}
	EndProjectSection
EndProject
Project("{8BC9CEB8-8B4A-11D0-8D11-00A0C91BC942}") = "command_rendercache", "%LXSDK%\samples\command\command_rendercache.vcxproj", "{5DE7457E-FCCD-4D57-BE94-5D161A816F77}"
	ProjectSection(ProjectDependencies) = postProject
		{E74E2D72-C671-4B48-A04C-76169DF7AB09} = {E74E2D72-C671-4B48-A04C-76169DF7AB09}
	EndProjectSection
EndProject
Project("{8BC9CEB8-8B4A-11D0-8D11-00A0C91BC942}") = "command_vertvalue", "%LXSDK%\samples\command\command_vertvalue.vcxproj", "{53F7B3B7-C187-45F5-9808-3C4CAB040797}"
EndProject
Project("{2150E333-8FDC-42A3-9474-1A3956D46DE8}") = "custom_material", "custom_material", "{29BCA572-AE60-456B-B3EE-D33AA3D75DEC}"
EndProject
Project("{8BC9CEB8-8B4A-11D0-8D11-00A0C91BC942}") = "custom_material_cel", "%LXSDK%\samples\custom_material\custom_material_cel.vcxproj", "{B37A1185-3462-4584-88D0-0BF86DB495FB}"
EndProject
Project("{8BC9CEB8-8B4A-11D0-8D11-00A0C91BC942}") = "custom_material_cel_edges", "%LXSDK%\samples\custom_material\custom_material_cel_edges.vcxproj", "{B11D6552-39E4-4FFF-A5E2-B43375C415AD}"
EndProject
Project("{8BC9CEB8-8B4A-11D0-8D11-00A0C91BC942}") = "custom_material_halftone", "%LXSDK%\samples\custom_material\custom_material_halftone.vcxproj", "{E648294E-ED8D-4D68-8F12-D0BAA2D97AAF}"
EndProject
Project("{8BC9CEB8-8B4A-11D0-8D11-00A0C91BC942}") = "custom_material_skin", "%LXSDK%\samples\custom_material\custom_material_skin.vcxproj", "{F1DB7FA1-3836-4281-95E9-257E4CE13339}"
EndProject
Project("{2150E333-8FDC-42A3-9474-1A3956D46DE8}") = "drop", "drop", "{3A020D8E-E00A-4B40-9012-A4425B3CD1DA}"
EndProject
Project("{8BC9CEB8-8B4A-11D0-8D11-00A0C91BC942}") = "drop_files", "%LXSDK%\samples\drop\drop_files.vcxproj", "{FFF1894F-7D08-4457-82BD-FA3235359BA2}"
EndProject
Project("{8BC9CEB8-8B4A-11D0-8D11-00A0C91BC942}") = "drop_items", "%LXSDK%\samples\drop\drop_items.vcxproj", "{BDEFB364-4162-408D-B1F6-182B57E6DE45}"
EndProject
Project("{2150E333-8FDC-42A3-9474-1A3956D46DE8}") = "file_io", "file_io", "{9749CE10-FEDE-4050-BDB0-B25685A1EC9B}"
EndProject
Project("{8BC9CEB8-8B4A-11D0-8D11-00A0C91BC942}") = "file_io_image_basicload", "%LXSDK%\samples\file_io\file_io_image_basicload.vcxproj", "{6E1911DB-8B73-4DBA-A0AF-D2BF3F3EA384}"
EndProject
Project("{8BC9CEB8-8B4A-11D0-8D11-00A0C91BC942}") = "file_io_image_basicsave", "%LXSDK%\samples\file_io\file_io_image_basicsave.vcxproj", "{049C0DB3-84B0-4463-856B-CB3DD4A38F51}"
EndProject
Project("{8BC9CEB8-8B4A-11D0-8D11-00A0C91BC942}") = "file_io_scene_geo", "%LXSDK%\samples\file_io\file_io_scene_geo.vcxproj", "{402D8D9F-FA4B-4892-8091-7D4CD606DC92}"
EndProject
Project("{8BC9CEB8-8B4A-11D0-8D11-00A0C91BC942}") = "file_io_scene_hpgl", "%LXSDK%\samples\file_io\file_io_scene_hpgl.vcxproj", "{AC27C9E2-3B90-472C-A13C-CEF1C1B3ED66}"
EndProject
Project("{8BC9CEB8-8B4A-11D0-8D11-00A0C91BC942}") = "file_io_scene_itemsaver", "%LXSDK%\samples\file_io\file_io_scene_itemsaver.vcxproj", "{507EFAEF-A642-4361-B20B-9D0CAA9D758B}"
EndProject
Project("{8BC9CEB8-8B4A-11D0-8D11-00A0C91BC942}") = "file_io_scene_loadoptions", "%LXSDK%\samples\file_io\file_io_scene_loadoptions.vcxproj", "{58A96517-12CE-4CA4-BC6F-74C6149C521E}"
EndProject
Project("{8BC9CEB8-8B4A-11D0-8D11-00A0C91BC942}") = "file_io_scene_objio", "%LXSDK%\samples\file_io\file_io_scene_objio.vcxproj", "{98502B55-4678-419A-99C5-F8FBBE079283}"
EndProject
Project("{2150E333-8FDC-42A3-9474-1A3956D46DE8}") = "image_monitor", "image_monitor", "{2D929526-82FB-4E48-8E69-85C343520B70}"
EndProject
Project("{8BC9CEB8-8B4A-11D0-8D11-00A0C91BC942}") = "image_monitor_histogram", "%LXSDK%\samples\image_monitor\image_monitor_histogram.vcxproj", "{2EA3FCD1-0FA4-4DBF-8B9A-9BA7EED1C28A}"
EndProject
Project("{2150E333-8FDC-42A3-9474-1A3956D46DE8}") = "item_type", "item_type", "{C43E7D74-BC74-420C-9E7A-266F1B4D22F3}"
EndProject
Project("{8BC9CEB8-8B4A-11D0-8D11-00A0C91BC942}") = "item_type_falloff_box", "%LXSDK%\samples\item_type\item_type_falloff_box.vcxproj", "{05812EE9-2FB5-47B8-B3BD-C7C455FFF4D5}"
EndProject
Project("{8BC9CEB8-8B4A-11D0-8D11-00A0C91BC942}") = "item_type_falloff_linear", "%LXSDK%\samples\item_type\item_type_falloff_linear.vcxproj", "{F062BAEC-714C-4771-82E6-F9E08D2D1AC6}"
EndProject
Project("{8BC9CEB8-8B4A-11D0-8D11-00A0C91BC942}") = "item_type_falloff_radial", "%LXSDK%\samples\item_type\item_type_falloff_radial.vcxproj", "{03B6E8F3-591F-47AC-8E56-ECD9F8126E60}"
EndProject
Project("{8BC9CEB8-8B4A-11D0-8D11-00A0C91BC942}") = "item_type_force_linear", "%LXSDK%\samples\item_type\item_type_force_linear.vcxproj", "{5A7DCCC4-7F2C-4B6A-920E-F7F4E9D6B78C}"
EndProject
Project("{8BC9CEB8-8B4A-11D0-8D11-00A0C91BC942}") = "item_type_influence_morph", "%LXSDK%\samples\item_type\item_type_influence_morph.vcxproj", "{F26051B5-1D87-4EB3-BB24-5FAEE83AE948}"
EndProject
Project("{8BC9CEB8-8B4A-11D0-8D11-00A0C91BC942}") = "item_type_particle_gasket", "%LXSDK%\samples\item_type\item_type_particle_gasket.vcxproj", "{BC89689B-7F33-4963-92AA-C76BD2E4B6A2}"
EndProject
Project("{8BC9CEB8-8B4A-11D0-8D11-00A0C91BC942}") = "item_type_psim_shield", "%LXSDK%\samples\item_type\item_type_psim_shield.vcxproj", "{CB4B5A14-F7F2-48EE-B33E-206BB717ED44}"
EndProject
Project("{8BC9CEB8-8B4A-11D0-8D11-00A0C91BC942}") = "item_type_surface_sphere", "%LXSDK%\samples\item_type\item_type_surface_sphere.vcxproj", "{F77AC5D9-799D-4DFF-A520-2320AC6796DA}"
EndProject
Project("{8BC9CEB8-8B4A-11D0-8D11-00A0C91BC942}") = "item_type_volume_ground", "%LXSDK%\samples\item_type\item_type_volume_ground.vcxproj", "{2E4F5700-D02E-49C5-A937-58CC09992E2F}"
EndProject
Project("{2150E333-8FDC-42A3-9474-1A3956D46DE8}") = "mesh_operations", "mesh_operations", "{D7034D00-D59E-49CF-8778-C6303DFBF3E4}"
EndProject
Project("{8BC9CEB8-8B4A-11D0-8D11-00A0C91BC942}") = "mesh_operations_create_vertex", "%LXSDK%\samples\mesh_operations\mesh_operations_create_vertex.vcxproj", "{D9101196-A75C-43F0-9050-1569468565F4}"
EndProject
Project("{2150E333-8FDC-42A3-9474-1A3956D46DE8}") = "modifier", "modifier", "{09EDC1A1-36BC-41DC-AF71-4348C586E90B}"
EndProject
Project("{8BC9CEB8-8B4A-11D0-8D11-00A0C91BC942}") = "modifier_time", "%LXSDK%\samples\modifier\modifier_time.vcxproj", "{A6D77DF5-07A7-4B83-92AD-5F78FE7349D7}"
EndProject
Project("{2150E333-8FDC-42A3-9474-1A3956D46DE8}") = "notifier", "notifier", "{4072390D-D82F-46C8-A208-F62F899E2CD6}"
EndProject
Project("{8BC9CEB8-8B4A-11D0-8D11-00A0C91BC942}") = "notifier_global", "%LXSDK%\samples\notifier\notifier_global.vcxproj", "{B05767D5-FC15-4B4C-A9B3-E93DA2470BD8}"
EndProject
Project("{2150E333-8FDC-42A3-9474-1A3956D46DE8}") = "package", "package", "{BE0E5C6D-E4AD-433F-9280-97EBE84D6E7F}"
EndProject
Project("{8BC9CEB8-8B4A-11D0-8D11-00A0C91BC942}") = "package_drawover_pass", "%LXSDK%\samples\package\package_drawover_pass.vcxproj", "{EDD8C994-FB46-485C-9F09-567C0CAC3810}"
EndProject
Project("{8BC9CEB8-8B4A-11D0-8D11-00A0C91BC942}") = "package_drawover_wireframe", "%LXSDK%\samples\package\package_drawover_wireframe.vcxproj", "{47F76B8E-CF88-4A06-B121-D8B4EBE80F06}"
EndProject
Project("{8BC9CEB8-8B4A-11D0-8D11-00A0C91BC942}") = "package_filepath_asset", "%LXSDK%\samples\package\package_filepath_asset.vcxproj", "{5345C9AE-526A-43B0-9D15-EBC2447312B2}"
EndProject
Project("{8BC9CEB8-8B4A-11D0-8D11-00A0C91BC942}") = "package_view3d_overlay", "%LXSDK%\samples\package\package_view3d_overlay.vcxproj", "{FDA4E48C-C76A-45C7-AD85-5D83A150B38A}"
EndProject
Project("{2150E333-8FDC-42A3-9474-1A3956D46DE8}") = "plugins", "plugins", "{9EF853E0-28DB-44F3-84EE-0252B2B3E936}"
EndProject
Project("{8BC9CEB8-8B4A-11D0-8D11-00A0C91BC942}") = "plugins_tic_tac_toe", "%LXSDK%\samples\plugins\plugins_tic_tac_toe.vcxproj", "{8A37974A-0816-4824-AA19-22237353C4DB}"
EndProject
Project("{2150E333-8FDC-42A3-9474-1A3956D46DE8}") = "preset", "preset", "{210FD36B-0AC3-4502-8AF8-35CF9FFF5285}"
EndProject
Project("{8BC9CEB8-8B4A-11D0-8D11-00A0C91BC942}") = "preset_colorSynthPath", "%LXSDK%\samples\preset\preset_colorSynthPath.vcxproj", "{CB09F545-0557-404A-B359-C20648A7F173}"
EndProject
Project("{2150E333-8FDC-42A3-9474-1A3956D46DE8}") = "schematic_connection", "schematic_connection", "{1941E59E-5068-44F7-9A5A-C77BA6359D2A}"
EndProject
Project("{8BC9CEB8-8B4A-11D0-8D11-00A0C91BC942}") = "schematic_connection_graph", "%LXSDK%\samples\schematic_connection\schematic_connection_graph.vcxproj", "{C2481268-D9DC-4D24-9B0D-7E7BE6E6818C}"
EndProject
Project("{8BC9CEB8-8B4A-11D0-8D11-00A0C91BC942}") = "schematic_connection_modifier", "%LXSDK%\samples\schematic_connection\schematic_connection_modifier.vcxproj", "{BB4E457F-7434-4C09-9117-9B3D23C97EF1}"
EndProject
Project("{2150E333-8FDC-42A3-9474-1A3956D46DE8}") = "selection_type", "selection_type", "{3B45369F-54D9-423E-9FBA-A15724781A5A}"
EndProject
Project("{8BC9CEB8-8B4A-11D0-8D11-00A0C91BC942}") = "selection_type_int", "%LXSDK%\samples\selection_type\selection_type_int.vcxproj", "{CF89E58F-826B-4566-A8E6-2203BA009BC1}"
EndProject
Project("{2150E333-8FDC-42A3-9474-1A3956D46DE8}") = "tool", "tool", "{04C7D167-DF4C-4EB8-9586-B6B22559BCF5}"
EndProject
Project("{8BC9CEB8-8B4A-11D0-8D11-00A0C91BC942}") = "tool_arc", "%LXSDK%\samples\tool\tool_arc.vcxproj", "{F8DFFDA3-A50E-4899-87CB-99190299585E}"
EndProject
Project("{8BC9CEB8-8B4A-11D0-8D11-00A0C91BC942}") = "tool_seashell", "%LXSDK%\samples\tool\tool_seashell.vcxproj", "{B52C6BEE-FDD0-40FC-989A-008658DC4C1D}"
EndProject
Project("{8BC9CEB8-8B4A-11D0-8D11-00A0C91BC942}") = "tool_spikey", "%LXSDK%\samples\tool\tool_spikey.vcxproj", "{A2411F22-C4F5-4087-9DCD-86EB61D5FA0A}"
EndProject
Project("{2150E333-8FDC-42A3-9474-1A3956D46DE8}") = "value", "value", "{C247B378-BA7D-4F0B-A55A-607E65AD240A}"
EndProject
Project("{8BC9CEB8-8B4A-11D0-8D11-00A0C91BC942}") = "value_full", "%LXSDK%\samples\value\value_full.vcxproj", "{C2666A77-493E-48F4-B5AC-6FE33DBE19F5}"
EndProject
Project("{2150E333-8FDC-42A3-9474-1A3956D46DE8}") = "value_texture", "value_texture", "{52D3697B-6EFE-40B4-9DA0-46B305F18319}"
EndProject
Project("{8BC9CEB8-8B4A-11D0-8D11-00A0C91BC942}") = "value_texture_solid", "%LXSDK%\samples\value_texture\value_texture_solid.vcxproj", "{FAFFE619-5A15-44B6-9959-ED6347849797}"
EndProject
Project("{2150E333-8FDC-42A3-9474-1A3956D46DE8}") = "zSynide", "zSynide", "{AF62BBAC-28F3-4BD8-A4E7-E52A24802971}"
EndProject
Project("{8BC9CEB8-8B4A-11D0-8D11-00A0C91BC942}") = "daz", "%LXDEV%\daz\daz.vcxproj", "{26C1F6F3-3CAA-477C-8A4E-BBCC0B082848}"
	ProjectSection(ProjectDependencies) = postProject
		{71F74EA2-468A-4414-BB5C-865F61C19DEE} = {71F74EA2-468A-4414-BB5C-865F61C19DEE}
		{E74E2D72-C671-4B48-A04C-76169DF7AB09} = {E74E2D72-C671-4B48-A04C-76169DF7AB09}
	EndProjectSection
EndProject
Project("{8BC9CEB8-8B4A-11D0-8D11-00A0C91BC942}") = "general", "%LXDEV%\general\general.vcxproj", "{71F74EA2-468A-4414-BB5C-865F61C19DEE}"
EndProject
Project("{8BC9CEB8-8B4A-11D0-8D11-00A0C91BC942}") = "step", "%LXDEV%\step\step.vcxproj", "{DA79B5DB-843F-447E-B277-836AD536D20D}"
	ProjectSection(ProjectDependencies) = postProject
		{E74E2D72-C671-4B48-A04C-76169DF7AB09} = {E74E2D72-C671-4B48-A04C-76169DF7AB09}
	EndProjectSection
EndProject
Project("{8BC9CEB8-8B4A-11D0-8D11-00A0C91BC942}") = "p3d", "%LXDEV%\p3d\p3d.vcxproj", "{AD5FE40D-97DA-4707-BA62-519C9ADB7CD7}"
EndProject
Project("{8BC9CEB8-8B4A-11D0-8D11-00A0C91BC942}") = "lxo", "%LXDEV%\lxo\lxo.vcxproj", "{A855C78E-60B9-4864-A8FD-351280C6FAF4}"
EndProject
Global
	GlobalSection(SolutionConfigurationPlatforms) = preSolution
		Debug Safemode|x64 = Debug Safemode|x64
		Debug|x64 = Debug|x64
		Release Safemode|x64 = Release Safemode|x64
		Release|x64 = Release|x64
	EndGlobalSection
	GlobalSection(ProjectConfigurationPlatforms) = postSolution
		{E74E2D72-C671-4B48-A04C-76169DF7AB09}.Debug Safemode|x64.ActiveCfg = Debug Safemode|x64
		{E74E2D72-C671-4B48-A04C-76169DF7AB09}.Debug Safemode|x64.Build.0 = Debug Safemode|x64
		{E74E2D72-C671-4B48-A04C-76169DF7AB09}.Debug|x64.ActiveCfg = Debug|x64
		{E74E2D72-C671-4B48-A04C-76169DF7AB09}.Debug|x64.Build.0 = Debug|x64
		{E74E2D72-C671-4B48-A04C-76169DF7AB09}.Release Safemode|x64.ActiveCfg = Release Safemode|x64
		{E74E2D72-C671-4B48-A04C-76169DF7AB09}.Release Safemode|x64.Build.0 = Release Safemode|x64
		{E74E2D72-C671-4B48-A04C-76169DF7AB09}.Release|x64.ActiveCfg = Release|x64
		{E74E2D72-C671-4B48-A04C-76169DF7AB09}.Release|x64.Build.0 = Release|x64
		{26C1F6F3-3CAA-477C-8A4E-BBCC0B082848}.Debug Safemode|x64.ActiveCfg = Debug Safemode|x64
		{26C1F6F3-3CAA-477C-8A4E-BBCC0B082848}.Debug|x64.ActiveCfg = Debug|x64
		{26C1F6F3-3CAA-477C-8A4E-BBCC0B082848}.Release Safemode|x64.ActiveCfg = Release Safemode|x64
		{26C1F6F3-3CAA-477C-8A4E-BBCC0B082848}.Release|x64.ActiveCfg = Release|x64
		{71F74EA2-468A-4414-BB5C-865F61C19DEE}.Debug Safemode|x64.ActiveCfg = Debug Safemode|x64
		{71F74EA2-468A-4414-BB5C-865F61C19DEE}.Debug|x64.ActiveCfg = Debug|x64
		{71F74EA2-468A-4414-BB5C-865F61C19DEE}.Release Safemode|x64.ActiveCfg = Release Safemode|x64
		{71F74EA2-468A-4414-BB5C-865F61C19DEE}.Release|x64.ActiveCfg = Release|x64
		{DE0059B0-A7AB-46A7-BF8A-8CACA860BDDE}.Debug Safemode|x64.ActiveCfg = Debug|x64
		{DE0059B0-A7AB-46A7-BF8A-8CACA860BDDE}.Debug Safemode|x64.Build.0 = Debug|x64
		{DE0059B0-A7AB-46A7-BF8A-8CACA860BDDE}.Debug|x64.ActiveCfg = Debug|x64
		{DE0059B0-A7AB-46A7-BF8A-8CACA860BDDE}.Debug|x64.Build.0 = Debug|x64
		{DE0059B0-A7AB-46A7-BF8A-8CACA860BDDE}.Release Safemode|x64.ActiveCfg = Release|x64
		{DE0059B0-A7AB-46A7-BF8A-8CACA860BDDE}.Release Safemode|x64.Build.0 = Release|x64
		{DE0059B0-A7AB-46A7-BF8A-8CACA860BDDE}.Release|x64.ActiveCfg = Release|x64
		{DE0059B0-A7AB-46A7-BF8A-8CACA860BDDE}.Release|x64.Build.0 = Release|x64
		{9459815C-BBDB-43EE-B87E-6F701604A7C8}.Debug Safemode|x64.ActiveCfg = Debug|x64
		{9459815C-BBDB-43EE-B87E-6F701604A7C8}.Debug Safemode|x64.Build.0 = Debug|x64
		{9459815C-BBDB-43EE-B87E-6F701604A7C8}.Debug|x64.ActiveCfg = Debug|x64
		{9459815C-BBDB-43EE-B87E-6F701604A7C8}.Debug|x64.Build.0 = Debug|x64
		{9459815C-BBDB-43EE-B87E-6F701604A7C8}.Release Safemode|x64.ActiveCfg = Release|x64
		{9459815C-BBDB-43EE-B87E-6F701604A7C8}.Release Safemode|x64.Build.0 = Release|x64
		{9459815C-BBDB-43EE-B87E-6F701604A7C8}.Release|x64.ActiveCfg = Release|x64
		{9459815C-BBDB-43EE-B87E-6F701604A7C8}.Release|x64.Build.0 = Release|x64
		{3EE79A2B-5CEE-4B43-97CF-7742E15AE52E}.Debug Safemode|x64.ActiveCfg = Debug|x64
		{3EE79A2B-5CEE-4B43-97CF-7742E15AE52E}.Debug Safemode|x64.Build.0 = Debug|x64
		{3EE79A2B-5CEE-4B43-97CF-7742E15AE52E}.Debug|x64.ActiveCfg = Debug|x64
		{3EE79A2B-5CEE-4B43-97CF-7742E15AE52E}.Debug|x64.Build.0 = Debug|x64
		{3EE79A2B-5CEE-4B43-97CF-7742E15AE52E}.Release Safemode|x64.ActiveCfg = Release|x64
		{3EE79A2B-5CEE-4B43-97CF-7742E15AE52E}.Release Safemode|x64.Build.0 = Release|x64
		{3EE79A2B-5CEE-4B43-97CF-7742E15AE52E}.Release|x64.ActiveCfg = Release|x64
		{3EE79A2B-5CEE-4B43-97CF-7742E15AE52E}.Release|x64.Build.0 = Release|x64
		{5D31BBF7-7617-4B92-93BF-2BFCEE22C2B9}.Debug Safemode|x64.ActiveCfg = Debug|x64
		{5D31BBF7-7617-4B92-93BF-2BFCEE22C2B9}.Debug Safemode|x64.Build.0 = Debug|x64
		{5D31BBF7-7617-4B92-93BF-2BFCEE22C2B9}.Debug|x64.ActiveCfg = Debug|x64
		{5D31BBF7-7617-4B92-93BF-2BFCEE22C2B9}.Debug|x64.Build.0 = Debug|x64
		{5D31BBF7-7617-4B92-93BF-2BFCEE22C2B9}.Release Safemode|x64.ActiveCfg = Release|x64
		{5D31BBF7-7617-4B92-93BF-2BFCEE22C2B9}.Release Safemode|x64.Build.0 = Release|x64
		{5D31BBF7-7617-4B92-93BF-2BFCEE22C2B9}.Release|x64.ActiveCfg = Release|x64
		{5D31BBF7-7617-4B92-93BF-2BFCEE22C2B9}.Release|x64.Build.0 = Release|x64
		{8EF82B1C-E7B0-4A54-A28C-C22888345552}.Debug Safemode|x64.ActiveCfg = Debug|x64
		{8EF82B1C-E7B0-4A54-A28C-C22888345552}.Debug Safemode|x64.Build.0 = Debug|x64
		{8EF82B1C-E7B0-4A54-A28C-C22888345552}.Debug|x64.ActiveCfg = Debug|x64
		{8EF82B1C-E7B0-4A54-A28C-C22888345552}.Debug|x64.Build.0 = Debug|x64
		{8EF82B1C-E7B0-4A54-A28C-C22888345552}.Release Safemode|x64.ActiveCfg = Release|x64
		{8EF82B1C-E7B0-4A54-A28C-C22888345552}.Release Safemode|x64.Build.0 = Release|x64
		{8EF82B1C-E7B0-4A54-A28C-C22888345552}.Release|x64.ActiveCfg = Release|x64
		{8EF82B1C-E7B0-4A54-A28C-C22888345552}.Release|x64.Build.0 = Release|x64
		{2C98469E-0112-4D7A-BB4B-C9F2F3A0E053}.Debug Safemode|x64.ActiveCfg = Debug|x64
		{2C98469E-0112-4D7A-BB4B-C9F2F3A0E053}.Debug Safemode|x64.Build.0 = Debug|x64
		{2C98469E-0112-4D7A-BB4B-C9F2F3A0E053}.Debug|x64.ActiveCfg = Debug|x64
		{2C98469E-0112-4D7A-BB4B-C9F2F3A0E053}.Debug|x64.Build.0 = Debug|x64
		{2C98469E-0112-4D7A-BB4B-C9F2F3A0E053}.Release Safemode|x64.ActiveCfg = Release|x64
		{2C98469E-0112-4D7A-BB4B-C9F2F3A0E053}.Release Safemode|x64.Build.0 = Release|x64
		{2C98469E-0112-4D7A-BB4B-C9F2F3A0E053}.Release|x64.ActiveCfg = Release|x64
		{2C98469E-0112-4D7A-BB4B-C9F2F3A0E053}.Release|x64.Build.0 = Release|x64
		{97A2D6EB-DBC8-40F7-85E9-6EB1E0AE0F5B}.Debug Safemode|x64.ActiveCfg = Debug|x64
		{97A2D6EB-DBC8-40F7-85E9-6EB1E0AE0F5B}.Debug Safemode|x64.Build.0 = Debug|x64
		{97A2D6EB-DBC8-40F7-85E9-6EB1E0AE0F5B}.Debug|x64.ActiveCfg = Debug|x64
		{97A2D6EB-DBC8-40F7-85E9-6EB1E0AE0F5B}.Debug|x64.Build.0 = Debug|x64
		{97A2D6EB-DBC8-40F7-85E9-6EB1E0AE0F5B}.Release Safemode|x64.ActiveCfg = Release|x64
		{97A2D6EB-DBC8-40F7-85E9-6EB1E0AE0F5B}.Release Safemode|x64.Build.0 = Release|x64
		{97A2D6EB-DBC8-40F7-85E9-6EB1E0AE0F5B}.Release|x64.ActiveCfg = Release|x64
		{97A2D6EB-DBC8-40F7-85E9-6EB1E0AE0F5B}.Release|x64.Build.0 = Release|x64
		{A346B303-8278-45C9-AB23-E0427E67A24B}.Debug Safemode|x64.ActiveCfg = Debug|x64
		{A346B303-8278-45C9-AB23-E0427E67A24B}.Debug Safemode|x64.Build.0 = Debug|x64
		{A346B303-8278-45C9-AB23-E0427E67A24B}.Debug|x64.ActiveCfg = Debug|x64
		{A346B303-8278-45C9-AB23-E0427E67A24B}.Debug|x64.Build.0 = Debug|x64
		{A346B303-8278-45C9-AB23-E0427E67A24B}.Release Safemode|x64.ActiveCfg = Release|x64
		{A346B303-8278-45C9-AB23-E0427E67A24B}.Release Safemode|x64.Build.0 = Release|x64
		{A346B303-8278-45C9-AB23-E0427E67A24B}.Release|x64.ActiveCfg = Release|x64
		{A346B303-8278-45C9-AB23-E0427E67A24B}.Release|x64.Build.0 = Release|x64
		{502A494D-2444-4336-9026-D26CEE2F3EB2}.Debug Safemode|x64.ActiveCfg = Debug|x64
		{502A494D-2444-4336-9026-D26CEE2F3EB2}.Debug Safemode|x64.Build.0 = Debug|x64
		{502A494D-2444-4336-9026-D26CEE2F3EB2}.Debug|x64.ActiveCfg = Debug|x64
		{502A494D-2444-4336-9026-D26CEE2F3EB2}.Debug|x64.Build.0 = Debug|x64
		{502A494D-2444-4336-9026-D26CEE2F3EB2}.Release Safemode|x64.ActiveCfg = Release|x64
		{502A494D-2444-4336-9026-D26CEE2F3EB2}.Release Safemode|x64.Build.0 = Release|x64
		{502A494D-2444-4336-9026-D26CEE2F3EB2}.Release|x64.ActiveCfg = Release|x64
		{502A494D-2444-4336-9026-D26CEE2F3EB2}.Release|x64.Build.0 = Release|x64
		{FEB31651-5C0D-45DB-84FF-860B10999B46}.Debug Safemode|x64.ActiveCfg = Debug|x64
		{FEB31651-5C0D-45DB-84FF-860B10999B46}.Debug Safemode|x64.Build.0 = Debug|x64
		{FEB31651-5C0D-45DB-84FF-860B10999B46}.Debug|x64.ActiveCfg = Debug|x64
		{FEB31651-5C0D-45DB-84FF-860B10999B46}.Debug|x64.Build.0 = Debug|x64
		{FEB31651-5C0D-45DB-84FF-860B10999B46}.Release Safemode|x64.ActiveCfg = Release|x64
		{FEB31651-5C0D-45DB-84FF-860B10999B46}.Release Safemode|x64.Build.0 = Release|x64
		{FEB31651-5C0D-45DB-84FF-860B10999B46}.Release|x64.ActiveCfg = Release|x64
		{FEB31651-5C0D-45DB-84FF-860B10999B46}.Release|x64.Build.0 = Release|x64
		{67E0CF76-BA4A-465F-9434-1FE941AD7A3E}.Debug Safemode|x64.ActiveCfg = Debug|x64
		{67E0CF76-BA4A-465F-9434-1FE941AD7A3E}.Debug Safemode|x64.Build.0 = Debug|x64
		{67E0CF76-BA4A-465F-9434-1FE941AD7A3E}.Debug|x64.ActiveCfg = Debug|x64
		{67E0CF76-BA4A-465F-9434-1FE941AD7A3E}.Debug|x64.Build.0 = Debug|x64
		{67E0CF76-BA4A-465F-9434-1FE941AD7A3E}.Release Safemode|x64.ActiveCfg = Release|x64
		{67E0CF76-BA4A-465F-9434-1FE941AD7A3E}.Release Safemode|x64.Build.0 = Release|x64
		{67E0CF76-BA4A-465F-9434-1FE941AD7A3E}.Release|x64.ActiveCfg = Release|x64
		{67E0CF76-BA4A-465F-9434-1FE941AD7A3E}.Release|x64.Build.0 = Release|x64
		{C2F3A533-4D39-4779-A64D-8F594A344C15}.Debug Safemode|x64.ActiveCfg = Debug|x64
		{C2F3A533-4D39-4779-A64D-8F594A344C15}.Debug Safemode|x64.Build.0 = Debug|x64
		{C2F3A533-4D39-4779-A64D-8F594A344C15}.Debug|x64.ActiveCfg = Debug|x64
		{C2F3A533-4D39-4779-A64D-8F594A344C15}.Debug|x64.Build.0 = Debug|x64
		{C2F3A533-4D39-4779-A64D-8F594A344C15}.Release Safemode|x64.ActiveCfg = Release|x64
		{C2F3A533-4D39-4779-A64D-8F594A344C15}.Release Safemode|x64.Build.0 = Release|x64
		{C2F3A533-4D39-4779-A64D-8F594A344C15}.Release|x64.ActiveCfg = Release|x64
		{C2F3A533-4D39-4779-A64D-8F594A344C15}.Release|x64.Build.0 = Release|x64
		{5DE7457E-FCCD-4D57-BE94-5D161A816F77}.Debug Safemode|x64.ActiveCfg = Debug|x64
		{5DE7457E-FCCD-4D57-BE94-5D161A816F77}.Debug Safemode|x64.Build.0 = Debug|x64
		{5DE7457E-FCCD-4D57-BE94-5D161A816F77}.Debug|x64.ActiveCfg = Debug|x64
		{5DE7457E-FCCD-4D57-BE94-5D161A816F77}.Debug|x64.Build.0 = Debug|x64
		{5DE7457E-FCCD-4D57-BE94-5D161A816F77}.Release Safemode|x64.ActiveCfg = Release|x64
		{5DE7457E-FCCD-4D57-BE94-5D161A816F77}.Release Safemode|x64.Build.0 = Release|x64
		{5DE7457E-FCCD-4D57-BE94-5D161A816F77}.Release|x64.ActiveCfg = Release|x64
		{5DE7457E-FCCD-4D57-BE94-5D161A816F77}.Release|x64.Build.0 = Release|x64
		{DA79B5DB-843F-447E-B277-836AD536D20D}.Debug Safemode|x64.ActiveCfg = Debug|x64
		{DA79B5DB-843F-447E-B277-836AD536D20D}.Debug Safemode|x64.Build.0 = Debug|x64
		{DA79B5DB-843F-447E-B277-836AD536D20D}.Debug|x64.ActiveCfg = Debug|x64
		{DA79B5DB-843F-447E-B277-836AD536D20D}.Debug|x64.Build.0 = Debug|x64
		{DA79B5DB-843F-447E-B277-836AD536D20D}.Release Safemode|x64.ActiveCfg = Release|x64
		{DA79B5DB-843F-447E-B277-836AD536D20D}.Release Safemode|x64.Build.0 = Release|x64
		{DA79B5DB-843F-447E-B277-836AD536D20D}.Release|x64.ActiveCfg = Release|x64
		{DA79B5DB-843F-447E-B277-836AD536D20D}.Release|x64.Build.0 = Release|x64
		{AD5FE40D-97DA-4707-BA62-519C9ADB7CD7}.Debug Safemode|x64.ActiveCfg = Debug Safemode|x64
		{AD5FE40D-97DA-4707-BA62-519C9ADB7CD7}.Debug Safemode|x64.Build.0 = Debug Safemode|x64
		{AD5FE40D-97DA-4707-BA62-519C9ADB7CD7}.Debug|x64.ActiveCfg = Debug|x64
		{AD5FE40D-97DA-4707-BA62-519C9ADB7CD7}.Debug|x64.Build.0 = Debug|x64
		{AD5FE40D-97DA-4707-BA62-519C9ADB7CD7}.Release Safemode|x64.ActiveCfg = Release Safemode|x64
		{AD5FE40D-97DA-4707-BA62-519C9ADB7CD7}.Release Safemode|x64.Build.0 = Release Safemode|x64
		{AD5FE40D-97DA-4707-BA62-519C9ADB7CD7}.Release|x64.ActiveCfg = Release|x64
		{AD5FE40D-97DA-4707-BA62-519C9ADB7CD7}.Release|x64.Build.0 = Release|x64
		{A855C78E-60B9-4864-A8FD-351280C6FAF4}.Debug Safemode|x64.ActiveCfg = Debug Safemode|x64
		{A855C78E-60B9-4864-A8FD-351280C6FAF4}.Debug Safemode|x64.Build.0 = Debug Safemode|x64
		{A855C78E-60B9-4864-A8FD-351280C6FAF4}.Debug|x64.ActiveCfg = Debug|x64
		{A855C78E-60B9-4864-A8FD-351280C6FAF4}.Debug|x64.Build.0 = Debug|x64
		{A855C78E-60B9-4864-A8FD-351280C6FAF4}.Release Safemode|x64.ActiveCfg = Release Safemode|x64
		{A855C78E-60B9-4864-A8FD-351280C6FAF4}.Release Safemode|x64.Build.0 = Release Safemode|x64
		{A855C78E-60B9-4864-A8FD-351280C6FAF4}.Release|x64.ActiveCfg = Release|x64
		{A855C78E-60B9-4864-A8FD-351280C6FAF4}.Release|x64.Build.0 = Release|x64
		{53F7B3B7-C187-45F5-9808-3C4CAB040797}.Debug Safemode|x64.ActiveCfg = Debug|x64
		{53F7B3B7-C187-45F5-9808-3C4CAB040797}.Debug Safemode|x64.Build.0 = Debug|x64
		{53F7B3B7-C187-45F5-9808-3C4CAB040797}.Debug|x64.ActiveCfg = Debug|x64
		{53F7B3B7-C187-45F5-9808-3C4CAB040797}.Debug|x64.Build.0 = Debug|x64
		{53F7B3B7-C187-45F5-9808-3C4CAB040797}.Release Safemode|x64.ActiveCfg = Release|x64
		{53F7B3B7-C187-45F5-9808-3C4CAB040797}.Release Safemode|x64.Build.0 = Release|x64
		{53F7B3B7-C187-45F5-9808-3C4CAB040797}.Release|x64.ActiveCfg = Release|x64
		{53F7B3B7-C187-45F5-9808-3C4CAB040797}.Release|x64.Build.0 = Release|x64
		{B37A1185-3462-4584-88D0-0BF86DB495FB}.Debug Safemode|x64.ActiveCfg = Debug|x64
		{B37A1185-3462-4584-88D0-0BF86DB495FB}.Debug Safemode|x64.Build.0 = Debug|x64
		{B37A1185-3462-4584-88D0-0BF86DB495FB}.Debug|x64.ActiveCfg = Debug|x64
		{B37A1185-3462-4584-88D0-0BF86DB495FB}.Debug|x64.Build.0 = Debug|x64
		{B37A1185-3462-4584-88D0-0BF86DB495FB}.Release Safemode|x64.ActiveCfg = Release|x64
		{B37A1185-3462-4584-88D0-0BF86DB495FB}.Release Safemode|x64.Build.0 = Release|x64
		{B37A1185-3462-4584-88D0-0BF86DB495FB}.Release|x64.ActiveCfg = Release|x64
		{B37A1185-3462-4584-88D0-0BF86DB495FB}.Release|x64.Build.0 = Release|x64
		{B11D6552-39E4-4FFF-A5E2-B43375C415AD}.Debug Safemode|x64.ActiveCfg = Debug|x64
		{B11D6552-39E4-4FFF-A5E2-B43375C415AD}.Debug Safemode|x64.Build.0 = Debug|x64
		{B11D6552-39E4-4FFF-A5E2-B43375C415AD}.Debug|x64.ActiveCfg = Debug|x64
		{B11D6552-39E4-4FFF-A5E2-B43375C415AD}.Debug|x64.Build.0 = Debug|x64
		{B11D6552-39E4-4FFF-A5E2-B43375C415AD}.Release Safemode|x64.ActiveCfg = Release|x64
		{B11D6552-39E4-4FFF-A5E2-B43375C415AD}.Release Safemode|x64.Build.0 = Release|x64
		{B11D6552-39E4-4FFF-A5E2-B43375C415AD}.Release|x64.ActiveCfg = Release|x64
		{B11D6552-39E4-4FFF-A5E2-B43375C415AD}.Release|x64.Build.0 = Release|x64
		{E648294E-ED8D-4D68-8F12-D0BAA2D97AAF}.Debug Safemode|x64.ActiveCfg = Debug|x64
		{E648294E-ED8D-4D68-8F12-D0BAA2D97AAF}.Debug Safemode|x64.Build.0 = Debug|x64
		{E648294E-ED8D-4D68-8F12-D0BAA2D97AAF}.Debug|x64.ActiveCfg = Debug|x64
		{E648294E-ED8D-4D68-8F12-D0BAA2D97AAF}.Debug|x64.Build.0 = Debug|x64
		{E648294E-ED8D-4D68-8F12-D0BAA2D97AAF}.Release Safemode|x64.ActiveCfg = Release|x64
		{E648294E-ED8D-4D68-8F12-D0BAA2D97AAF}.Release Safemode|x64.Build.0 = Release|x64
		{E648294E-ED8D-4D68-8F12-D0BAA2D97AAF}.Release|x64.ActiveCfg = Release|x64
		{E648294E-ED8D-4D68-8F12-D0BAA2D97AAF}.Release|x64.Build.0 = Release|x64
		{F1DB7FA1-3836-4281-95E9-257E4CE13339}.Debug Safemode|x64.ActiveCfg = Debug|x64
		{F1DB7FA1-3836-4281-95E9-257E4CE13339}.Debug Safemode|x64.Build.0 = Debug|x64
		{F1DB7FA1-3836-4281-95E9-257E4CE13339}.Debug|x64.ActiveCfg = Debug|x64
		{F1DB7FA1-3836-4281-95E9-257E4CE13339}.Debug|x64.Build.0 = Debug|x64
		{F1DB7FA1-3836-4281-95E9-257E4CE13339}.Release Safemode|x64.ActiveCfg = Release|x64
		{F1DB7FA1-3836-4281-95E9-257E4CE13339}.Release Safemode|x64.Build.0 = Release|x64
		{F1DB7FA1-3836-4281-95E9-257E4CE13339}.Release|x64.ActiveCfg = Release|x64
		{F1DB7FA1-3836-4281-95E9-257E4CE13339}.Release|x64.Build.0 = Release|x64
		{FFF1894F-7D08-4457-82BD-FA3235359BA2}.Debug Safemode|x64.ActiveCfg = Debug|x64
		{FFF1894F-7D08-4457-82BD-FA3235359BA2}.Debug Safemode|x64.Build.0 = Debug|x64
		{FFF1894F-7D08-4457-82BD-FA3235359BA2}.Debug|x64.ActiveCfg = Debug|x64
		{FFF1894F-7D08-4457-82BD-FA3235359BA2}.Debug|x64.Build.0 = Debug|x64
		{FFF1894F-7D08-4457-82BD-FA3235359BA2}.Release Safemode|x64.ActiveCfg = Release|x64
		{FFF1894F-7D08-4457-82BD-FA3235359BA2}.Release Safemode|x64.Build.0 = Release|x64
		{FFF1894F-7D08-4457-82BD-FA3235359BA2}.Release|x64.ActiveCfg = Release|x64
		{FFF1894F-7D08-4457-82BD-FA3235359BA2}.Release|x64.Build.0 = Release|x64
		{BDEFB364-4162-408D-B1F6-182B57E6DE45}.Debug Safemode|x64.ActiveCfg = Debug|x64
		{BDEFB364-4162-408D-B1F6-182B57E6DE45}.Debug Safemode|x64.Build.0 = Debug|x64
		{BDEFB364-4162-408D-B1F6-182B57E6DE45}.Debug|x64.ActiveCfg = Debug|x64
		{BDEFB364-4162-408D-B1F6-182B57E6DE45}.Debug|x64.Build.0 = Debug|x64
		{BDEFB364-4162-408D-B1F6-182B57E6DE45}.Release Safemode|x64.ActiveCfg = Release|x64
		{BDEFB364-4162-408D-B1F6-182B57E6DE45}.Release Safemode|x64.Build.0 = Release|x64
		{BDEFB364-4162-408D-B1F6-182B57E6DE45}.Release|x64.ActiveCfg = Release|x64
		{BDEFB364-4162-408D-B1F6-182B57E6DE45}.Release|x64.Build.0 = Release|x64
		{6E1911DB-8B73-4DBA-A0AF-D2BF3F3EA384}.Debug Safemode|x64.ActiveCfg = Debug|x64
		{6E1911DB-8B73-4DBA-A0AF-D2BF3F3EA384}.Debug Safemode|x64.Build.0 = Debug|x64
		{6E1911DB-8B73-4DBA-A0AF-D2BF3F3EA384}.Debug|x64.ActiveCfg = Debug|x64
		{6E1911DB-8B73-4DBA-A0AF-D2BF3F3EA384}.Debug|x64.Build.0 = Debug|x64
		{6E1911DB-8B73-4DBA-A0AF-D2BF3F3EA384}.Release Safemode|x64.ActiveCfg = Release|x64
		{6E1911DB-8B73-4DBA-A0AF-D2BF3F3EA384}.Release Safemode|x64.Build.0 = Release|x64
		{6E1911DB-8B73-4DBA-A0AF-D2BF3F3EA384}.Release|x64.ActiveCfg = Release|x64
		{6E1911DB-8B73-4DBA-A0AF-D2BF3F3EA384}.Release|x64.Build.0 = Release|x64
		{049C0DB3-84B0-4463-856B-CB3DD4A38F51}.Debug Safemode|x64.ActiveCfg = Debug|x64
		{049C0DB3-84B0-4463-856B-CB3DD4A38F51}.Debug Safemode|x64.Build.0 = Debug|x64
		{049C0DB3-84B0-4463-856B-CB3DD4A38F51}.Debug|x64.ActiveCfg = Debug|x64
		{049C0DB3-84B0-4463-856B-CB3DD4A38F51}.Debug|x64.Build.0 = Debug|x64
		{049C0DB3-84B0-4463-856B-CB3DD4A38F51}.Release Safemode|x64.ActiveCfg = Release|x64
		{049C0DB3-84B0-4463-856B-CB3DD4A38F51}.Release Safemode|x64.Build.0 = Release|x64
		{049C0DB3-84B0-4463-856B-CB3DD4A38F51}.Release|x64.ActiveCfg = Release|x64
		{049C0DB3-84B0-4463-856B-CB3DD4A38F51}.Release|x64.Build.0 = Release|x64
		{402D8D9F-FA4B-4892-8091-7D4CD606DC92}.Debug Safemode|x64.ActiveCfg = Debug|x64
		{402D8D9F-FA4B-4892-8091-7D4CD606DC92}.Debug Safemode|x64.Build.0 = Debug|x64
		{402D8D9F-FA4B-4892-8091-7D4CD606DC92}.Debug|x64.ActiveCfg = Debug|x64
		{402D8D9F-FA4B-4892-8091-7D4CD606DC92}.Debug|x64.Build.0 = Debug|x64
		{402D8D9F-FA4B-4892-8091-7D4CD606DC92}.Release Safemode|x64.ActiveCfg = Release|x64
		{402D8D9F-FA4B-4892-8091-7D4CD606DC92}.Release Safemode|x64.Build.0 = Release|x64
		{402D8D9F-FA4B-4892-8091-7D4CD606DC92}.Release|x64.ActiveCfg = Release|x64
		{402D8D9F-FA4B-4892-8091-7D4CD606DC92}.Release|x64.Build.0 = Release|x64
		{AC27C9E2-3B90-472C-A13C-CEF1C1B3ED66}.Debug Safemode|x64.ActiveCfg = Debug|x64
		{AC27C9E2-3B90-472C-A13C-CEF1C1B3ED66}.Debug Safemode|x64.Build.0 = Debug|x64
		{AC27C9E2-3B90-472C-A13C-CEF1C1B3ED66}.Debug|x64.ActiveCfg = Debug|x64
		{AC27C9E2-3B90-472C-A13C-CEF1C1B3ED66}.Debug|x64.Build.0 = Debug|x64
		{AC27C9E2-3B90-472C-A13C-CEF1C1B3ED66}.Release Safemode|x64.ActiveCfg = Release|x64
		{AC27C9E2-3B90-472C-A13C-CEF1C1B3ED66}.Release Safemode|x64.Build.0 = Release|x64
		{AC27C9E2-3B90-472C-A13C-CEF1C1B3ED66}.Release|x64.ActiveCfg = Release|x64
		{AC27C9E2-3B90-472C-A13C-CEF1C1B3ED66}.Release|x64.Build.0 = Release|x64
		{507EFAEF-A642-4361-B20B-9D0CAA9D758B}.Debug Safemode|x64.ActiveCfg = Debug|x64
		{507EFAEF-A642-4361-B20B-9D0CAA9D758B}.Debug Safemode|x64.Build.0 = Debug|x64
		{507EFAEF-A642-4361-B20B-9D0CAA9D758B}.Debug|x64.ActiveCfg = Debug|x64
		{507EFAEF-A642-4361-B20B-9D0CAA9D758B}.Debug|x64.Build.0 = Debug|x64
		{507EFAEF-A642-4361-B20B-9D0CAA9D758B}.Release Safemode|x64.ActiveCfg = Release|x64
		{507EFAEF-A642-4361-B20B-9D0CAA9D758B}.Release Safemode|x64.Build.0 = Release|x64
		{507EFAEF-A642-4361-B20B-9D0CAA9D758B}.Release|x64.ActiveCfg = Release|x64
		{507EFAEF-A642-4361-B20B-9D0CAA9D758B}.Release|x64.Build.0 = Release|x64
		{58A96517-12CE-4CA4-BC6F-74C6149C521E}.Debug Safemode|x64.ActiveCfg = Debug|x64
		{58A96517-12CE-4CA4-BC6F-74C6149C521E}.Debug Safemode|x64.Build.0 = Debug|x64
		{58A96517-12CE-4CA4-BC6F-74C6149C521E}.Debug|x64.ActiveCfg = Debug|x64
		{58A96517-12CE-4CA4-BC6F-74C6149C521E}.Debug|x64.Build.0 = Debug|x64
		{58A96517-12CE-4CA4-BC6F-74C6149C521E}.Release Safemode|x64.ActiveCfg = Release|x64
		{58A96517-12CE-4CA4-BC6F-74C6149C521E}.Release Safemode|x64.Build.0 = Release|x64
		{58A96517-12CE-4CA4-BC6F-74C6149C521E}.Release|x64.ActiveCfg = Release|x64
		{58A96517-12CE-4CA4-BC6F-74C6149C521E}.Release|x64.Build.0 = Release|x64
		{98502B55-4678-419A-99C5-F8FBBE079283}.Debug Safemode|x64.ActiveCfg = Debug|x64
		{98502B55-4678-419A-99C5-F8FBBE079283}.Debug Safemode|x64.Build.0 = Debug|x64
		{98502B55-4678-419A-99C5-F8FBBE079283}.Debug|x64.ActiveCfg = Debug|x64
		{98502B55-4678-419A-99C5-F8FBBE079283}.Debug|x64.Build.0 = Debug|x64
		{98502B55-4678-419A-99C5-F8FBBE079283}.Release Safemode|x64.ActiveCfg = Release|x64
		{98502B55-4678-419A-99C5-F8FBBE079283}.Release Safemode|x64.Build.0 = Release|x64
		{98502B55-4678-419A-99C5-F8FBBE079283}.Release|x64.ActiveCfg = Release|x64
		{98502B55-4678-419A-99C5-F8FBBE079283}.Release|x64.Build.0 = Release|x64
		{2EA3FCD1-0FA4-4DBF-8B9A-9BA7EED1C28A}.Debug Safemode|x64.ActiveCfg = Debug|x64
		{2EA3FCD1-0FA4-4DBF-8B9A-9BA7EED1C28A}.Debug Safemode|x64.Build.0 = Debug|x64
		{2EA3FCD1-0FA4-4DBF-8B9A-9BA7EED1C28A}.Debug|x64.ActiveCfg = Debug|x64
		{2EA3FCD1-0FA4-4DBF-8B9A-9BA7EED1C28A}.Debug|x64.Build.0 = Debug|x64
		{2EA3FCD1-0FA4-4DBF-8B9A-9BA7EED1C28A}.Release Safemode|x64.ActiveCfg = Release|x64
		{2EA3FCD1-0FA4-4DBF-8B9A-9BA7EED1C28A}.Release Safemode|x64.Build.0 = Release|x64
		{2EA3FCD1-0FA4-4DBF-8B9A-9BA7EED1C28A}.Release|x64.ActiveCfg = Release|x64
		{2EA3FCD1-0FA4-4DBF-8B9A-9BA7EED1C28A}.Release|x64.Build.0 = Release|x64
		{05812EE9-2FB5-47B8-B3BD-C7C455FFF4D5}.Debug Safemode|x64.ActiveCfg = Debug|x64
		{05812EE9-2FB5-47B8-B3BD-C7C455FFF4D5}.Debug Safemode|x64.Build.0 = Debug|x64
		{05812EE9-2FB5-47B8-B3BD-C7C455FFF4D5}.Debug|x64.ActiveCfg = Debug|x64
		{05812EE9-2FB5-47B8-B3BD-C7C455FFF4D5}.Debug|x64.Build.0 = Debug|x64
		{05812EE9-2FB5-47B8-B3BD-C7C455FFF4D5}.Release Safemode|x64.ActiveCfg = Release|x64
		{05812EE9-2FB5-47B8-B3BD-C7C455FFF4D5}.Release Safemode|x64.Build.0 = Release|x64
		{05812EE9-2FB5-47B8-B3BD-C7C455FFF4D5}.Release|x64.ActiveCfg = Release|x64
		{05812EE9-2FB5-47B8-B3BD-C7C455FFF4D5}.Release|x64.Build.0 = Release|x64
		{F062BAEC-714C-4771-82E6-F9E08D2D1AC6}.Debug Safemode|x64.ActiveCfg = Debug|x64
		{F062BAEC-714C-4771-82E6-F9E08D2D1AC6}.Debug Safemode|x64.Build.0 = Debug|x64
		{F062BAEC-714C-4771-82E6-F9E08D2D1AC6}.Debug|x64.ActiveCfg = Debug|x64
		{F062BAEC-714C-4771-82E6-F9E08D2D1AC6}.Debug|x64.Build.0 = Debug|x64
		{F062BAEC-714C-4771-82E6-F9E08D2D1AC6}.Release Safemode|x64.ActiveCfg = Release|x64
		{F062BAEC-714C-4771-82E6-F9E08D2D1AC6}.Release Safemode|x64.Build.0 = Release|x64
		{F062BAEC-714C-4771-82E6-F9E08D2D1AC6}.Release|x64.ActiveCfg = Release|x64
		{F062BAEC-714C-4771-82E6-F9E08D2D1AC6}.Release|x64.Build.0 = Release|x64
		{03B6E8F3-591F-47AC-8E56-ECD9F8126E60}.Debug Safemode|x64.ActiveCfg = Debug|x64
		{03B6E8F3-591F-47AC-8E56-ECD9F8126E60}.Debug Safemode|x64.Build.0 = Debug|x64
		{03B6E8F3-591F-47AC-8E56-ECD9F8126E60}.Debug|x64.ActiveCfg = Debug|x64
		{03B6E8F3-591F-47AC-8E56-ECD9F8126E60}.Debug|x64.Build.0 = Debug|x64
		{03B6E8F3-591F-47AC-8E56-ECD9F8126E60}.Release Safemode|x64.ActiveCfg = Release|x64
		{03B6E8F3-591F-47AC-8E56-ECD9F8126E60}.Release Safemode|x64.Build.0 = Release|x64
		{03B6E8F3-591F-47AC-8E56-ECD9F8126E60}.Release|x64.ActiveCfg = Release|x64
		{03B6E8F3-591F-47AC-8E56-ECD9F8126E60}.Release|x64.Build.0 = Release|x64
		{5A7DCCC4-7F2C-4B6A-920E-F7F4E9D6B78C}.Debug Safemode|x64.ActiveCfg = Debug|x64
		{5A7DCCC4-7F2C-4B6A-920E-F7F4E9D6B78C}.Debug Safemode|x64.Build.0 = Debug|x64
		{5A7DCCC4-7F2C-4B6A-920E-F7F4E9D6B78C}.Debug|x64.ActiveCfg = Debug|x64
		{5A7DCCC4-7F2C-4B6A-920E-F7F4E9D6B78C}.Debug|x64.Build.0 = Debug|x64
		{5A7DCCC4-7F2C-4B6A-920E-F7F4E9D6B78C}.Release Safemode|x64.ActiveCfg = Release|x64
		{5A7DCCC4-7F2C-4B6A-920E-F7F4E9D6B78C}.Release Safemode|x64.Build.0 = Release|x64
		{5A7DCCC4-7F2C-4B6A-920E-F7F4E9D6B78C}.Release|x64.ActiveCfg = Release|x64
		{5A7DCCC4-7F2C-4B6A-920E-F7F4E9D6B78C}.Release|x64.Build.0 = Release|x64
		{F26051B5-1D87-4EB3-BB24-5FAEE83AE948}.Debug Safemode|x64.ActiveCfg = Debug|x64
		{F26051B5-1D87-4EB3-BB24-5FAEE83AE948}.Debug Safemode|x64.Build.0 = Debug|x64
		{F26051B5-1D87-4EB3-BB24-5FAEE83AE948}.Debug|x64.ActiveCfg = Debug|x64
		{F26051B5-1D87-4EB3-BB24-5FAEE83AE948}.Debug|x64.Build.0 = Debug|x64
		{F26051B5-1D87-4EB3-BB24-5FAEE83AE948}.Release Safemode|x64.ActiveCfg = Release|x64
		{F26051B5-1D87-4EB3-BB24-5FAEE83AE948}.Release Safemode|x64.Build.0 = Release|x64
		{F26051B5-1D87-4EB3-BB24-5FAEE83AE948}.Release|x64.ActiveCfg = Release|x64
		{F26051B5-1D87-4EB3-BB24-5FAEE83AE948}.Release|x64.Build.0 = Release|x64
		{BC89689B-7F33-4963-92AA-C76BD2E4B6A2}.Debug Safemode|x64.ActiveCfg = Debug|x64
		{BC89689B-7F33-4963-92AA-C76BD2E4B6A2}.Debug Safemode|x64.Build.0 = Debug|x64
		{BC89689B-7F33-4963-92AA-C76BD2E4B6A2}.Debug|x64.ActiveCfg = Debug|x64
		{BC89689B-7F33-4963-92AA-C76BD2E4B6A2}.Debug|x64.Build.0 = Debug|x64
		{BC89689B-7F33-4963-92AA-C76BD2E4B6A2}.Release Safemode|x64.ActiveCfg = Release|x64
		{BC89689B-7F33-4963-92AA-C76BD2E4B6A2}.Release Safemode|x64.Build.0 = Release|x64
		{BC89689B-7F33-4963-92AA-C76BD2E4B6A2}.Release|x64.ActiveCfg = Release|x64
		{BC89689B-7F33-4963-92AA-C76BD2E4B6A2}.Release|x64.Build.0 = Release|x64
		{CB4B5A14-F7F2-48EE-B33E-206BB717ED44}.Debug Safemode|x64.ActiveCfg = Debug|x64
		{CB4B5A14-F7F2-48EE-B33E-206BB717ED44}.Debug Safemode|x64.Build.0 = Debug|x64
		{CB4B5A14-F7F2-48EE-B33E-206BB717ED44}.Debug|x64.ActiveCfg = Debug|x64
		{CB4B5A14-F7F2-48EE-B33E-206BB717ED44}.Debug|x64.Build.0 = Debug|x64
		{CB4B5A14-F7F2-48EE-B33E-206BB717ED44}.Release Safemode|x64.ActiveCfg = Release|x64
		{CB4B5A14-F7F2-48EE-B33E-206BB717ED44}.Release Safemode|x64.Build.0 = Release|x64
		{CB4B5A14-F7F2-48EE-B33E-206BB717ED44}.Release|x64.ActiveCfg = Release|x64
		{CB4B5A14-F7F2-48EE-B33E-206BB717ED44}.Release|x64.Build.0 = Release|x64
		{F77AC5D9-799D-4DFF-A520-2320AC6796DA}.Debug Safemode|x64.ActiveCfg = Debug|x64
		{F77AC5D9-799D-4DFF-A520-2320AC6796DA}.Debug Safemode|x64.Build.0 = Debug|x64
		{F77AC5D9-799D-4DFF-A520-2320AC6796DA}.Debug|x64.ActiveCfg = Debug|x64
		{F77AC5D9-799D-4DFF-A520-2320AC6796DA}.Debug|x64.Build.0 = Debug|x64
		{F77AC5D9-799D-4DFF-A520-2320AC6796DA}.Release Safemode|x64.ActiveCfg = Release|x64
		{F77AC5D9-799D-4DFF-A520-2320AC6796DA}.Release Safemode|x64.Build.0 = Release|x64
		{F77AC5D9-799D-4DFF-A520-2320AC6796DA}.Release|x64.ActiveCfg = Release|x64
		{F77AC5D9-799D-4DFF-A520-2320AC6796DA}.Release|x64.Build.0 = Release|x64
		{2E4F5700-D02E-49C5-A937-58CC09992E2F}.Debug Safemode|x64.ActiveCfg = Debug|x64
		{2E4F5700-D02E-49C5-A937-58CC09992E2F}.Debug Safemode|x64.Build.0 = Debug|x64
		{2E4F5700-D02E-49C5-A937-58CC09992E2F}.Debug|x64.ActiveCfg = Debug|x64
		{2E4F5700-D02E-49C5-A937-58CC09992E2F}.Debug|x64.Build.0 = Debug|x64
		{2E4F5700-D02E-49C5-A937-58CC09992E2F}.Release Safemode|x64.ActiveCfg = Release|x64
		{2E4F5700-D02E-49C5-A937-58CC09992E2F}.Release Safemode|x64.Build.0 = Release|x64
		{2E4F5700-D02E-49C5-A937-58CC09992E2F}.Release|x64.ActiveCfg = Release|x64
		{2E4F5700-D02E-49C5-A937-58CC09992E2F}.Release|x64.Build.0 = Release|x64
		{D9101196-A75C-43F0-9050-1569468565F4}.Debug Safemode|x64.ActiveCfg = Debug|x64
		{D9101196-A75C-43F0-9050-1569468565F4}.Debug Safemode|x64.Build.0 = Debug|x64
		{D9101196-A75C-43F0-9050-1569468565F4}.Debug|x64.ActiveCfg = Debug|x64
		{D9101196-A75C-43F0-9050-1569468565F4}.Debug|x64.Build.0 = Debug|x64
		{D9101196-A75C-43F0-9050-1569468565F4}.Release Safemode|x64.ActiveCfg = Release|x64
		{D9101196-A75C-43F0-9050-1569468565F4}.Release Safemode|x64.Build.0 = Release|x64
		{D9101196-A75C-43F0-9050-1569468565F4}.Release|x64.ActiveCfg = Release|x64
		{D9101196-A75C-43F0-9050-1569468565F4}.Release|x64.Build.0 = Release|x64
		{A6D77DF5-07A7-4B83-92AD-5F78FE7349D7}.Debug Safemode|x64.ActiveCfg = Debug|x64
		{A6D77DF5-07A7-4B83-92AD-5F78FE7349D7}.Debug Safemode|x64.Build.0 = Debug|x64
		{A6D77DF5-07A7-4B83-92AD-5F78FE7349D7}.Debug|x64.ActiveCfg = Debug|x64
		{A6D77DF5-07A7-4B83-92AD-5F78FE7349D7}.Debug|x64.Build.0 = Debug|x64
		{A6D77DF5-07A7-4B83-92AD-5F78FE7349D7}.Release Safemode|x64.ActiveCfg = Release|x64
		{A6D77DF5-07A7-4B83-92AD-5F78FE7349D7}.Release Safemode|x64.Build.0 = Release|x64
		{A6D77DF5-07A7-4B83-92AD-5F78FE7349D7}.Release|x64.ActiveCfg = Release|x64
		{A6D77DF5-07A7-4B83-92AD-5F78FE7349D7}.Release|x64.Build.0 = Release|x64
		{B05767D5-FC15-4B4C-A9B3-E93DA2470BD8}.Debug Safemode|x64.ActiveCfg = Debug|x64
		{B05767D5-FC15-4B4C-A9B3-E93DA2470BD8}.Debug Safemode|x64.Build.0 = Debug|x64
		{B05767D5-FC15-4B4C-A9B3-E93DA2470BD8}.Debug|x64.ActiveCfg = Debug|x64
		{B05767D5-FC15-4B4C-A9B3-E93DA2470BD8}.Debug|x64.Build.0 = Debug|x64
		{B05767D5-FC15-4B4C-A9B3-E93DA2470BD8}.Release Safemode|x64.ActiveCfg = Release|x64
		{B05767D5-FC15-4B4C-A9B3-E93DA2470BD8}.Release Safemode|x64.Build.0 = Release|x64
		{B05767D5-FC15-4B4C-A9B3-E93DA2470BD8}.Release|x64.ActiveCfg = Release|x64
		{B05767D5-FC15-4B4C-A9B3-E93DA2470BD8}.Release|x64.Build.0 = Release|x64
		{EDD8C994-FB46-485C-9F09-567C0CAC3810}.Debug Safemode|x64.ActiveCfg = Debug|x64
		{EDD8C994-FB46-485C-9F09-567C0CAC3810}.Debug Safemode|x64.Build.0 = Debug|x64
		{EDD8C994-FB46-485C-9F09-567C0CAC3810}.Debug|x64.ActiveCfg = Debug|x64
		{EDD8C994-FB46-485C-9F09-567C0CAC3810}.Debug|x64.Build.0 = Debug|x64
		{EDD8C994-FB46-485C-9F09-567C0CAC3810}.Release Safemode|x64.ActiveCfg = Release|x64
		{EDD8C994-FB46-485C-9F09-567C0CAC3810}.Release Safemode|x64.Build.0 = Release|x64
		{EDD8C994-FB46-485C-9F09-567C0CAC3810}.Release|x64.ActiveCfg = Release|x64
		{EDD8C994-FB46-485C-9F09-567C0CAC3810}.Release|x64.Build.0 = Release|x64
		{47F76B8E-CF88-4A06-B121-D8B4EBE80F06}.Debug Safemode|x64.ActiveCfg = Debug|x64
		{47F76B8E-CF88-4A06-B121-D8B4EBE80F06}.Debug Safemode|x64.Build.0 = Debug|x64
		{47F76B8E-CF88-4A06-B121-D8B4EBE80F06}.Debug|x64.ActiveCfg = Debug|x64
		{47F76B8E-CF88-4A06-B121-D8B4EBE80F06}.Debug|x64.Build.0 = Debug|x64
		{47F76B8E-CF88-4A06-B121-D8B4EBE80F06}.Release Safemode|x64.ActiveCfg = Release|x64
		{47F76B8E-CF88-4A06-B121-D8B4EBE80F06}.Release Safemode|x64.Build.0 = Release|x64
		{47F76B8E-CF88-4A06-B121-D8B4EBE80F06}.Release|x64.ActiveCfg = Release|x64
		{47F76B8E-CF88-4A06-B121-D8B4EBE80F06}.Release|x64.Build.0 = Release|x64
		{5345C9AE-526A-43B0-9D15-EBC2447312B2}.Debug Safemode|x64.ActiveCfg = Debug|x64
		{5345C9AE-526A-43B0-9D15-EBC2447312B2}.Debug Safemode|x64.Build.0 = Debug|x64
		{5345C9AE-526A-43B0-9D15-EBC2447312B2}.Debug|x64.ActiveCfg = Debug|x64
		{5345C9AE-526A-43B0-9D15-EBC2447312B2}.Debug|x64.Build.0 = Debug|x64
		{5345C9AE-526A-43B0-9D15-EBC2447312B2}.Release Safemode|x64.ActiveCfg = Release|x64
		{5345C9AE-526A-43B0-9D15-EBC2447312B2}.Release Safemode|x64.Build.0 = Release|x64
		{5345C9AE-526A-43B0-9D15-EBC2447312B2}.Release|x64.ActiveCfg = Release|x64
		{5345C9AE-526A-43B0-9D15-EBC2447312B2}.Release|x64.Build.0 = Release|x64
		{FDA4E48C-C76A-45C7-AD85-5D83A150B38A}.Debug Safemode|x64.ActiveCfg = Debug|x64
		{FDA4E48C-C76A-45C7-AD85-5D83A150B38A}.Debug Safemode|x64.Build.0 = Debug|x64
		{FDA4E48C-C76A-45C7-AD85-5D83A150B38A}.Debug|x64.ActiveCfg = Debug|x64
		{FDA4E48C-C76A-45C7-AD85-5D83A150B38A}.Debug|x64.Build.0 = Debug|x64
		{FDA4E48C-C76A-45C7-AD85-5D83A150B38A}.Release Safemode|x64.ActiveCfg = Release|x64
		{FDA4E48C-C76A-45C7-AD85-5D83A150B38A}.Release Safemode|x64.Build.0 = Release|x64
		{FDA4E48C-C76A-45C7-AD85-5D83A150B38A}.Release|x64.ActiveCfg = Release|x64
		{FDA4E48C-C76A-45C7-AD85-5D83A150B38A}.Release|x64.Build.0 = Release|x64
		{8A37974A-0816-4824-AA19-22237353C4DB}.Debug Safemode|x64.ActiveCfg = Debug|x64
		{8A37974A-0816-4824-AA19-22237353C4DB}.Debug Safemode|x64.Build.0 = Debug|x64
		{8A37974A-0816-4824-AA19-22237353C4DB}.Debug|x64.ActiveCfg = Debug|x64
		{8A37974A-0816-4824-AA19-22237353C4DB}.Debug|x64.Build.0 = Debug|x64
		{8A37974A-0816-4824-AA19-22237353C4DB}.Release Safemode|x64.ActiveCfg = Release|x64
		{8A37974A-0816-4824-AA19-22237353C4DB}.Release Safemode|x64.Build.0 = Release|x64
		{8A37974A-0816-4824-AA19-22237353C4DB}.Release|x64.ActiveCfg = Release|x64
		{8A37974A-0816-4824-AA19-22237353C4DB}.Release|x64.Build.0 = Release|x64
		{CB09F545-0557-404A-B359-C20648A7F173}.Debug Safemode|x64.ActiveCfg = Debug|x64
		{CB09F545-0557-404A-B359-C20648A7F173}.Debug Safemode|x64.Build.0 = Debug|x64
		{CB09F545-0557-404A-B359-C20648A7F173}.Debug|x64.ActiveCfg = Debug|x64
		{CB09F545-0557-404A-B359-C20648A7F173}.Debug|x64.Build.0 = Debug|x64
		{CB09F545-0557-404A-B359-C20648A7F173}.Release Safemode|x64.ActiveCfg = Release|x64
		{CB09F545-0557-404A-B359-C20648A7F173}.Release Safemode|x64.Build.0 = Release|x64
		{CB09F545-0557-404A-B359-C20648A7F173}.Release|x64.ActiveCfg = Release|x64
		{CB09F545-0557-404A-B359-C20648A7F173}.Release|x64.Build.0 = Release|x64
		{C2481268-D9DC-4D24-9B0D-7E7BE6E6818C}.Debug Safemode|x64.ActiveCfg = Debug|x64
		{C2481268-D9DC-4D24-9B0D-7E7BE6E6818C}.Debug Safemode|x64.Build.0 = Debug|x64
		{C2481268-D9DC-4D24-9B0D-7E7BE6E6818C}.Debug|x64.ActiveCfg = Debug|x64
		{C2481268-D9DC-4D24-9B0D-7E7BE6E6818C}.Debug|x64.Build.0 = Debug|x64
		{C2481268-D9DC-4D24-9B0D-7E7BE6E6818C}.Release Safemode|x64.ActiveCfg = Release|x64
		{C2481268-D9DC-4D24-9B0D-7E7BE6E6818C}.Release Safemode|x64.Build.0 = Release|x64
		{C2481268-D9DC-4D24-9B0D-7E7BE6E6818C}.Release|x64.ActiveCfg = Release|x64
		{C2481268-D9DC-4D24-9B0D-7E7BE6E6818C}.Release|x64.Build.0 = Release|x64
		{BB4E457F-7434-4C09-9117-9B3D23C97EF1}.Debug Safemode|x64.ActiveCfg = Debug|x64
		{BB4E457F-7434-4C09-9117-9B3D23C97EF1}.Debug Safemode|x64.Build.0 = Debug|x64
		{BB4E457F-7434-4C09-9117-9B3D23C97EF1}.Debug|x64.ActiveCfg = Debug|x64
		{BB4E457F-7434-4C09-9117-9B3D23C97EF1}.Debug|x64.Build.0 = Debug|x64
		{BB4E457F-7434-4C09-9117-9B3D23C97EF1}.Release Safemode|x64.ActiveCfg = Release|x64
		{BB4E457F-7434-4C09-9117-9B3D23C97EF1}.Release Safemode|x64.Build.0 = Release|x64
		{BB4E457F-7434-4C09-9117-9B3D23C97EF1}.Release|x64.ActiveCfg = Release|x64
		{BB4E457F-7434-4C09-9117-9B3D23C97EF1}.Release|x64.Build.0 = Release|x64
		{CF89E58F-826B-4566-A8E6-2203BA009BC1}.Debug Safemode|x64.ActiveCfg = Debug|x64
		{CF89E58F-826B-4566-A8E6-2203BA009BC1}.Debug Safemode|x64.Build.0 = Debug|x64
		{CF89E58F-826B-4566-A8E6-2203BA009BC1}.Debug|x64.ActiveCfg = Debug|x64
		{CF89E58F-826B-4566-A8E6-2203BA009BC1}.Debug|x64.Build.0 = Debug|x64
		{CF89E58F-826B-4566-A8E6-2203BA009BC1}.Release Safemode|x64.ActiveCfg = Release|x64
		{CF89E58F-826B-4566-A8E6-2203BA009BC1}.Release Safemode|x64.Build.0 = Release|x64
		{CF89E58F-826B-4566-A8E6-2203BA009BC1}.Release|x64.ActiveCfg = Release|x64
		{CF89E58F-826B-4566-A8E6-2203BA009BC1}.Release|x64.Build.0 = Release|x64
		{F8DFFDA3-A50E-4899-87CB-99190299585E}.Debug Safemode|x64.ActiveCfg = Debug|x64
		{F8DFFDA3-A50E-4899-87CB-99190299585E}.Debug Safemode|x64.Build.0 = Debug|x64
		{F8DFFDA3-A50E-4899-87CB-99190299585E}.Debug|x64.ActiveCfg = Debug|x64
		{F8DFFDA3-A50E-4899-87CB-99190299585E}.Debug|x64.Build.0 = Debug|x64
		{F8DFFDA3-A50E-4899-87CB-99190299585E}.Release Safemode|x64.ActiveCfg = Release|x64
		{F8DFFDA3-A50E-4899-87CB-99190299585E}.Release Safemode|x64.Build.0 = Release|x64
		{F8DFFDA3-A50E-4899-87CB-99190299585E}.Release|x64.ActiveCfg = Release|x64
		{F8DFFDA3-A50E-4899-87CB-99190299585E}.Release|x64.Build.0 = Release|x64
		{B52C6BEE-FDD0-40FC-989A-008658DC4C1D}.Debug Safemode|x64.ActiveCfg = Debug|x64
		{B52C6BEE-FDD0-40FC-989A-008658DC4C1D}.Debug Safemode|x64.Build.0 = Debug|x64
		{B52C6BEE-FDD0-40FC-989A-008658DC4C1D}.Debug|x64.ActiveCfg = Debug|x64
		{B52C6BEE-FDD0-40FC-989A-008658DC4C1D}.Debug|x64.Build.0 = Debug|x64
		{B52C6BEE-FDD0-40FC-989A-008658DC4C1D}.Release Safemode|x64.ActiveCfg = Release|x64
		{B52C6BEE-FDD0-40FC-989A-008658DC4C1D}.Release Safemode|x64.Build.0 = Release|x64
		{B52C6BEE-FDD0-40FC-989A-008658DC4C1D}.Release|x64.ActiveCfg = Release|x64
		{B52C6BEE-FDD0-40FC-989A-008658DC4C1D}.Release|x64.Build.0 = Release|x64
		{A2411F22-C4F5-4087-9DCD-86EB61D5FA0A}.Debug Safemode|x64.ActiveCfg = Debug|x64
		{A2411F22-C4F5-4087-9DCD-86EB61D5FA0A}.Debug Safemode|x64.Build.0 = Debug|x64
		{A2411F22-C4F5-4087-9DCD-86EB61D5FA0A}.Debug|x64.ActiveCfg = Debug|x64
		{A2411F22-C4F5-4087-9DCD-86EB61D5FA0A}.Debug|x64.Build.0 = Debug|x64
		{A2411F22-C4F5-4087-9DCD-86EB61D5FA0A}.Release Safemode|x64.ActiveCfg = Release|x64
		{A2411F22-C4F5-4087-9DCD-86EB61D5FA0A}.Release Safemode|x64.Build.0 = Release|x64
		{A2411F22-C4F5-4087-9DCD-86EB61D5FA0A}.Release|x64.ActiveCfg = Release|x64
		{A2411F22-C4F5-4087-9DCD-86EB61D5FA0A}.Release|x64.Build.0 = Release|x64
		{C2666A77-493E-48F4-B5AC-6FE33DBE19F5}.Debug Safemode|x64.ActiveCfg = Debug|x64
		{C2666A77-493E-48F4-B5AC-6FE33DBE19F5}.Debug Safemode|x64.Build.0 = Debug|x64
		{C2666A77-493E-48F4-B5AC-6FE33DBE19F5}.Debug|x64.ActiveCfg = Debug|x64
		{C2666A77-493E-48F4-B5AC-6FE33DBE19F5}.Debug|x64.Build.0 = Debug|x64
		{C2666A77-493E-48F4-B5AC-6FE33DBE19F5}.Release Safemode|x64.ActiveCfg = Release|x64
		{C2666A77-493E-48F4-B5AC-6FE33DBE19F5}.Release Safemode|x64.Build.0 = Release|x64
		{C2666A77-493E-48F4-B5AC-6FE33DBE19F5}.Release|x64.ActiveCfg = Release|x64
		{C2666A77-493E-48F4-B5AC-6FE33DBE19F5}.Release|x64.Build.0 = Release|x64
		{FAFFE619-5A15-44B6-9959-ED6347849797}.Debug Safemode|x64.ActiveCfg = Debug|x64
		{FAFFE619-5A15-44B6-9959-ED6347849797}.Debug Safemode|x64.Build.0 = Debug|x64
		{FAFFE619-5A15-44B6-9959-ED6347849797}.Debug|x64.ActiveCfg = Debug|x64
		{FAFFE619-5A15-44B6-9959-ED6347849797}.Debug|x64.Build.0 = Debug|x64
		{FAFFE619-5A15-44B6-9959-ED6347849797}.Release Safemode|x64.ActiveCfg = Release|x64
		{FAFFE619-5A15-44B6-9959-ED6347849797}.Release Safemode|x64.Build.0 = Release|x64
		{FAFFE619-5A15-44B6-9959-ED6347849797}.Release|x64.ActiveCfg = Release|x64
		{FAFFE619-5A15-44B6-9959-ED6347849797}.Release|x64.Build.0 = Release|x64
	EndGlobalSection
	GlobalSection(SolutionProperties) = preSolution
		HideSolutionNode = FALSE
	EndGlobalSection
	GlobalSection(NestedProjects) = preSolution
		{26C1F6F3-3CAA-477C-8A4E-BBCC0B082848} = {AF62BBAC-28F3-4BD8-A4E7-E52A24802971}
		{71F74EA2-468A-4414-BB5C-865F61C19DEE} = {AF62BBAC-28F3-4BD8-A4E7-E52A24802971}
		{DE0059B0-A7AB-46A7-BF8A-8CACA860BDDE} = {70852085-48F4-4403-B12F-D04AC097231B}
		{9459815C-BBDB-43EE-B87E-6F701604A7C8} = {70852085-48F4-4403-B12F-D04AC097231B}
		{3EE79A2B-5CEE-4B43-97CF-7742E15AE52E} = {70852085-48F4-4403-B12F-D04AC097231B}
		{5D31BBF7-7617-4B92-93BF-2BFCEE22C2B9} = {70852085-48F4-4403-B12F-D04AC097231B}
		{8EF82B1C-E7B0-4A54-A28C-C22888345552} = {70852085-48F4-4403-B12F-D04AC097231B}
		{2C98469E-0112-4D7A-BB4B-C9F2F3A0E053} = {FBF0CB84-CB13-4F2C-99EB-95C8D59A6AB0}
		{97A2D6EB-DBC8-40F7-85E9-6EB1E0AE0F5B} = {06C1560E-6044-4709-9D43-527699B0E36E}
		{A346B303-8278-45C9-AB23-E0427E67A24B} = {06C1560E-6044-4709-9D43-527699B0E36E}
		{502A494D-2444-4336-9026-D26CEE2F3EB2} = {06C1560E-6044-4709-9D43-527699B0E36E}
		{FEB31651-5C0D-45DB-84FF-860B10999B46} = {06C1560E-6044-4709-9D43-527699B0E36E}
		{67E0CF76-BA4A-465F-9434-1FE941AD7A3E} = {06C1560E-6044-4709-9D43-527699B0E36E}
		{C2F3A533-4D39-4779-A64D-8F594A344C15} = {06C1560E-6044-4709-9D43-527699B0E36E}
		{5DE7457E-FCCD-4D57-BE94-5D161A816F77} = {06C1560E-6044-4709-9D43-527699B0E36E}
		{DA79B5DB-843F-447E-B277-836AD536D20D} = {AF62BBAC-28F3-4BD8-A4E7-E52A24802971}
		{AD5FE40D-97DA-4707-BA62-519C9ADB7CD7} = {AF62BBAC-28F3-4BD8-A4E7-E52A24802971}
		{A855C78E-60B9-4864-A8FD-351280C6FAF4} = {AF62BBAC-28F3-4BD8-A4E7-E52A24802971}
		{53F7B3B7-C187-45F5-9808-3C4CAB040797} = {06C1560E-6044-4709-9D43-527699B0E36E}
		{B37A1185-3462-4584-88D0-0BF86DB495FB} = {29BCA572-AE60-456B-B3EE-D33AA3D75DEC}
		{B11D6552-39E4-4FFF-A5E2-B43375C415AD} = {29BCA572-AE60-456B-B3EE-D33AA3D75DEC}
		{E648294E-ED8D-4D68-8F12-D0BAA2D97AAF} = {29BCA572-AE60-456B-B3EE-D33AA3D75DEC}
		{F1DB7FA1-3836-4281-95E9-257E4CE13339} = {29BCA572-AE60-456B-B3EE-D33AA3D75DEC}
		{FFF1894F-7D08-4457-82BD-FA3235359BA2} = {3A020D8E-E00A-4B40-9012-A4425B3CD1DA}
		{BDEFB364-4162-408D-B1F6-182B57E6DE45} = {3A020D8E-E00A-4B40-9012-A4425B3CD1DA}
		{6E1911DB-8B73-4DBA-A0AF-D2BF3F3EA384} = {9749CE10-FEDE-4050-BDB0-B25685A1EC9B}
		{049C0DB3-84B0-4463-856B-CB3DD4A38F51} = {9749CE10-FEDE-4050-BDB0-B25685A1EC9B}
		{402D8D9F-FA4B-4892-8091-7D4CD606DC92} = {9749CE10-FEDE-4050-BDB0-B25685A1EC9B}
		{AC27C9E2-3B90-472C-A13C-CEF1C1B3ED66} = {9749CE10-FEDE-4050-BDB0-B25685A1EC9B}
		{507EFAEF-A642-4361-B20B-9D0CAA9D758B} = {9749CE10-FEDE-4050-BDB0-B25685A1EC9B}
		{58A96517-12CE-4CA4-BC6F-74C6149C521E} = {9749CE10-FEDE-4050-BDB0-B25685A1EC9B}
		{98502B55-4678-419A-99C5-F8FBBE079283} = {9749CE10-FEDE-4050-BDB0-B25685A1EC9B}
		{2EA3FCD1-0FA4-4DBF-8B9A-9BA7EED1C28A} = {2D929526-82FB-4E48-8E69-85C343520B70}
		{05812EE9-2FB5-47B8-B3BD-C7C455FFF4D5} = {C43E7D74-BC74-420C-9E7A-266F1B4D22F3}
		{F062BAEC-714C-4771-82E6-F9E08D2D1AC6} = {C43E7D74-BC74-420C-9E7A-266F1B4D22F3}
		{03B6E8F3-591F-47AC-8E56-ECD9F8126E60} = {C43E7D74-BC74-420C-9E7A-266F1B4D22F3}
		{5A7DCCC4-7F2C-4B6A-920E-F7F4E9D6B78C} = {C43E7D74-BC74-420C-9E7A-266F1B4D22F3}
		{F26051B5-1D87-4EB3-BB24-5FAEE83AE948} = {C43E7D74-BC74-420C-9E7A-266F1B4D22F3}
		{BC89689B-7F33-4963-92AA-C76BD2E4B6A2} = {C43E7D74-BC74-420C-9E7A-266F1B4D22F3}
		{CB4B5A14-F7F2-48EE-B33E-206BB717ED44} = {C43E7D74-BC74-420C-9E7A-266F1B4D22F3}
		{F77AC5D9-799D-4DFF-A520-2320AC6796DA} = {C43E7D74-BC74-420C-9E7A-266F1B4D22F3}
		{2E4F5700-D02E-49C5-A937-58CC09992E2F} = {C43E7D74-BC74-420C-9E7A-266F1B4D22F3}
		{D9101196-A75C-43F0-9050-1569468565F4} = {D7034D00-D59E-49CF-8778-C6303DFBF3E4}
		{A6D77DF5-07A7-4B83-92AD-5F78FE7349D7} = {09EDC1A1-36BC-41DC-AF71-4348C586E90B}
		{B05767D5-FC15-4B4C-A9B3-E93DA2470BD8} = {4072390D-D82F-46C8-A208-F62F899E2CD6}
		{EDD8C994-FB46-485C-9F09-567C0CAC3810} = {BE0E5C6D-E4AD-433F-9280-97EBE84D6E7F}
		{47F76B8E-CF88-4A06-B121-D8B4EBE80F06} = {BE0E5C6D-E4AD-433F-9280-97EBE84D6E7F}
		{5345C9AE-526A-43B0-9D15-EBC2447312B2} = {BE0E5C6D-E4AD-433F-9280-97EBE84D6E7F}
		{FDA4E48C-C76A-45C7-AD85-5D83A150B38A} = {BE0E5C6D-E4AD-433F-9280-97EBE84D6E7F}
		{8A37974A-0816-4824-AA19-22237353C4DB} = {9EF853E0-28DB-44F3-84EE-0252B2B3E936}
		{CB09F545-0557-404A-B359-C20648A7F173} = {210FD36B-0AC3-4502-8AF8-35CF9FFF5285}
		{C2481268-D9DC-4D24-9B0D-7E7BE6E6818C} = {1941E59E-5068-44F7-9A5A-C77BA6359D2A}
		{BB4E457F-7434-4C09-9117-9B3D23C97EF1} = {1941E59E-5068-44F7-9A5A-C77BA6359D2A}
		{CF89E58F-826B-4566-A8E6-2203BA009BC1} = {3B45369F-54D9-423E-9FBA-A15724781A5A}
		{F8DFFDA3-A50E-4899-87CB-99190299585E} = {04C7D167-DF4C-4EB8-9586-B6B22559BCF5}
		{B52C6BEE-FDD0-40FC-989A-008658DC4C1D} = {04C7D167-DF4C-4EB8-9586-B6B22559BCF5}
		{A2411F22-C4F5-4087-9DCD-86EB61D5FA0A} = {04C7D167-DF4C-4EB8-9586-B6B22559BCF5}
		{C2666A77-493E-48F4-B5AC-6FE33DBE19F5} = {C247B378-BA7D-4F0B-A55A-607E65AD240A}
		{FAFFE619-5A15-44B6-9959-ED6347849797} = {52D3697B-6EFE-40B4-9DA0-46B305F18319}
	EndGlobalSection
	GlobalSection(ExtensibilityGlobals) = postSolution
		SolutionGuid = {27E03705-A26A-4E36-8F52-C7472B65ED2A}
	EndGlobalSection
EndGlobal
