<?xml version="1.0" encoding="utf-8"?>
<Project ToolsVersion="4.0" xmlns="http://schemas.microsoft.com/developer/msbuild/2003">
  <ItemGroup>
    <Filter Include="Source Files">
      <UniqueIdentifier>{4FC737F1-C7A5-4376-A066-2A32D752A2FF}</UniqueIdentifier>
      <Extensions>cpp;c;cc;cxx;c++;cppm;ixx;def;odl;idl;hpj;bat;asm;asmx</Extensions>
    </Filter>
    <Filter Include="Header Files">
      <UniqueIdentifier>{93995380-89BD-4b04-88EB-625FBE52EBFB}</UniqueIdentifier>
      <Extensions>h;hh;hpp;hxx;h++;hm;inl;inc;ipp;xsd</Extensions>
    </Filter>
    <Filter Include="Resource Files">
      <UniqueIdentifier>{67DA6AB6-F800-4c08-8B7A-83BB121AAD01}</UniqueIdentifier>
      <Extensions>rc;ico;cur;bmp;dlg;rc2;rct;bin;rgs;gif;jpg;jpeg;jpe;resx;tiff;tif;png;wav;mfcribbon-ms</Extensions>
    </Filter>
  </ItemGroup>
  <ItemGroup>
    <ClInclude Include="$(LXSDK)\include\lxaction.h">
      <Filter>Header Files</Filter>
    </ClInclude>
    <ClInclude Include="$(LXSDK)\include\lxactionclip.h">
      <Filter>Header Files</Filter>
    </ClInclude>
    <ClInclude Include="$(LXSDK)\include\lxanim.h">
      <Filter>Header Files</Filter>
    </ClInclude>
    <ClInclude Include="$(LXSDK)\include\lxarray.h">
      <Filter>Header Files</Filter>
    </ClInclude>
    <ClInclude Include="$(LXSDK)\include\lxarrayui.h">
      <Filter>Header Files</Filter>
    </ClInclude>
    <ClInclude Include="$(LXSDK)\include\lxaudio.h">
      <Filter>Header Files</Filter>
    </ClInclude>
    <ClInclude Include="$(LXSDK)\include\lxcanvasitem.h">
      <Filter>Header Files</Filter>
    </ClInclude>
    <ClInclude Include="$(LXSDK)\include\lxchanmod.h">
      <Filter>Header Files</Filter>
    </ClInclude>
    <ClInclude Include="$(LXSDK)\include\lxchannelui.h">
      <Filter>Header Files</Filter>
    </ClInclude>
    <ClInclude Include="$(LXSDK)\include\lxclip.h">
      <Filter>Header Files</Filter>
    </ClInclude>
    <ClInclude Include="$(LXSDK)\include\lxcliped.h">
      <Filter>Header Files</Filter>
    </ClInclude>
    <ClInclude Include="$(LXSDK)\include\lxcolor.h">
      <Filter>Header Files</Filter>
    </ClInclude>
    <ClInclude Include="$(LXSDK)\include\lxcolormapping.h">
      <Filter>Header Files</Filter>
    </ClInclude>
    <ClInclude Include="$(LXSDK)\include\lxcom.h">
      <Filter>Header Files</Filter>
    </ClInclude>
    <ClInclude Include="$(LXSDK)\include\lxcommand.h">
      <Filter>Header Files</Filter>
    </ClInclude>
    <ClInclude Include="$(LXSDK)\include\lxcustomview.h">
      <Filter>Header Files</Filter>
    </ClInclude>
    <ClInclude Include="$(LXSDK)\include\lxdeform.h">
      <Filter>Header Files</Filter>
    </ClInclude>
    <ClInclude Include="$(LXSDK)\include\lxdirbrowse.h">
      <Filter>Header Files</Filter>
    </ClInclude>
    <ClInclude Include="$(LXSDK)\include\lxdraw.h">
      <Filter>Header Files</Filter>
    </ClInclude>
    <ClInclude Include="$(LXSDK)\include\lxdrawover.h">
      <Filter>Header Files</Filter>
    </ClInclude>
    <ClInclude Include="$(LXSDK)\include\lxdrop.h">
      <Filter>Header Files</Filter>
    </ClInclude>
    <ClInclude Include="$(LXSDK)\include\lxenvelope.h">
      <Filter>Header Files</Filter>
    </ClInclude>
    <ClInclude Include="$(LXSDK)\include\lxexternalrender.h">
      <Filter>Header Files</Filter>
    </ClInclude>
    <ClInclude Include="$(LXSDK)\include\lxfile.h">
      <Filter>Header Files</Filter>
    </ClInclude>
    <ClInclude Include="$(LXSDK)\include\lxfilter.h">
      <Filter>Header Files</Filter>
    </ClInclude>
    <ClInclude Include="$(LXSDK)\include\lxforce.h">
      <Filter>Header Files</Filter>
    </ClInclude>
    <ClInclude Include="$(LXSDK)\include\lxformsys.h">
      <Filter>Header Files</Filter>
    </ClInclude>
    <ClInclude Include="$(LXSDK)\include\lxgeneric.h">
      <Filter>Header Files</Filter>
    </ClInclude>
    <ClInclude Include="$(LXSDK)\include\lxgroup.h">
      <Filter>Header Files</Filter>
    </ClInclude>
    <ClInclude Include="$(LXSDK)\include\lxgroupui.h">
      <Filter>Header Files</Filter>
    </ClInclude>
    <ClInclude Include="$(LXSDK)\include\lxhandles.h">
      <Filter>Header Files</Filter>
    </ClInclude>
    <ClInclude Include="$(LXSDK)\include\lxidef.h">
      <Filter>Header Files</Filter>
    </ClInclude>
    <ClInclude Include="$(LXSDK)\include\lximage.h">
      <Filter>Header Files</Filter>
    </ClInclude>
    <ClInclude Include="$(LXSDK)\include\lximagemon.h">
      <Filter>Header Files</Filter>
    </ClInclude>
    <ClInclude Include="$(LXSDK)\include\lxinputmap.h">
      <Filter>Header Files</Filter>
    </ClInclude>
    <ClInclude Include="$(LXSDK)\include\lxinterviewer.h">
      <Filter>Header Files</Filter>
    </ClInclude>
    <ClInclude Include="$(LXSDK)\include\lxintrange.h">
      <Filter>Header Files</Filter>
    </ClInclude>
    <ClInclude Include="$(LXSDK)\include\lxio.h">
      <Filter>Header Files</Filter>
    </ClInclude>
    <ClInclude Include="$(LXSDK)\include\lxitem.h">
      <Filter>Header Files</Filter>
    </ClInclude>
    <ClInclude Include="$(LXSDK)\include\lxitemui.h">
      <Filter>Header Files</Filter>
    </ClInclude>
    <ClInclude Include="$(LXSDK)\include\lxlayer.h">
      <Filter>Header Files</Filter>
    </ClInclude>
    <ClInclude Include="$(LXSDK)\include\lxlistcache.h">
      <Filter>Header Files</Filter>
    </ClInclude>
    <ClInclude Include="$(LXSDK)\include\lxlistener.h">
      <Filter>Header Files</Filter>
    </ClInclude>
    <ClInclude Include="$(LXSDK)\include\lxlocator.h">
      <Filter>Header Files</Filter>
    </ClInclude>
    <ClInclude Include="$(LXSDK)\include\lxlog.h">
      <Filter>Header Files</Filter>
    </ClInclude>
    <ClInclude Include="$(LXSDK)\include\lxmedia.h">
      <Filter>Header Files</Filter>
    </ClInclude>
    <ClInclude Include="$(LXSDK)\include\lxmesh.h">
      <Filter>Header Files</Filter>
    </ClInclude>
    <ClInclude Include="$(LXSDK)\include\lxmeshOLD.h">
      <Filter>Header Files</Filter>
    </ClInclude>
    <ClInclude Include="$(LXSDK)\include\lxmessage.h">
      <Filter>Header Files</Filter>
    </ClInclude>
    <ClInclude Include="$(LXSDK)\include\lxnetwork.h">
      <Filter>Header Files</Filter>
    </ClInclude>
    <ClInclude Include="$(LXSDK)\include\lxnotify.h">
      <Filter>Header Files</Filter>
    </ClInclude>
    <ClInclude Include="$(LXSDK)\include\lxpackage.h">
      <Filter>Header Files</Filter>
    </ClInclude>
    <ClInclude Include="$(LXSDK)\include\lxparticle.h">
      <Filter>Header Files</Filter>
    </ClInclude>
    <ClInclude Include="$(LXSDK)\include\lxpattern.h">
      <Filter>Header Files</Filter>
    </ClInclude>
    <ClInclude Include="$(LXSDK)\include\lxpersist.h">
      <Filter>Header Files</Filter>
    </ClInclude>
    <ClInclude Include="$(LXSDK)\include\lxpmodel.h">
      <Filter>Header Files</Filter>
    </ClInclude>
    <ClInclude Include="$(LXSDK)\include\lxpoly.h">
      <Filter>Header Files</Filter>
    </ClInclude>
    <ClInclude Include="$(LXSDK)\include\lxpredest.h">
      <Filter>Header Files</Filter>
    </ClInclude>
    <ClInclude Include="$(LXSDK)\include\lxpretype.h">
      <Filter>Header Files</Filter>
    </ClInclude>
    <ClInclude Include="$(LXSDK)\include\lxpreview.h">
      <Filter>Header Files</Filter>
    </ClInclude>
    <ClInclude Include="$(LXSDK)\include\lxpreviewsocket.h">
      <Filter>Header Files</Filter>
    </ClInclude>
    <ClInclude Include="$(LXSDK)\include\lxprojdir.h">
      <Filter>Header Files</Filter>
    </ClInclude>
    <ClInclude Include="$(LXSDK)\include\lxproxy.h">
      <Filter>Header Files</Filter>
    </ClInclude>
    <ClInclude Include="$(LXSDK)\include\lxpvedit.h">
      <Filter>Header Files</Filter>
    </ClInclude>
    <ClInclude Include="$(LXSDK)\include\lxraycast.h">
      <Filter>Header Files</Filter>
    </ClInclude>
    <ClInclude Include="$(LXSDK)\include\lxrender.h">
      <Filter>Header Files</Filter>
    </ClInclude>
    <ClInclude Include="$(LXSDK)\include\lxrendercache.h">
      <Filter>Header Files</Filter>
    </ClInclude>
    <ClInclude Include="$(LXSDK)\include\lxrenderslot.h">
      <Filter>Header Files</Filter>
    </ClInclude>
    <ClInclude Include="$(LXSDK)\include\lxresult.h">
      <Filter>Header Files</Filter>
    </ClInclude>
    <ClInclude Include="$(LXSDK)\include\lxrndjob.h">
      <Filter>Header Files</Filter>
    </ClInclude>
    <ClInclude Include="$(LXSDK)\include\lxschematic.h">
      <Filter>Header Files</Filter>
    </ClInclude>
    <ClInclude Include="$(LXSDK)\include\lxscripts.h">
      <Filter>Header Files</Filter>
    </ClInclude>
    <ClInclude Include="$(LXSDK)\include\lxselect.h">
      <Filter>Header Files</Filter>
    </ClInclude>
    <ClInclude Include="$(LXSDK)\include\lxseltypes.h">
      <Filter>Header Files</Filter>
    </ClInclude>
    <ClInclude Include="$(LXSDK)\include\lxserver.h">
      <Filter>Header Files</Filter>
    </ClInclude>
    <ClInclude Include="$(LXSDK)\include\lxshade.h">
      <Filter>Header Files</Filter>
    </ClInclude>
    <ClInclude Include="$(LXSDK)\include\lxshdr.h">
      <Filter>Header Files</Filter>
    </ClInclude>
    <ClInclude Include="$(LXSDK)\include\lxstddialog.h">
      <Filter>Header Files</Filter>
    </ClInclude>
    <ClInclude Include="$(LXSDK)\include\lxstopwatch.h">
      <Filter>Header Files</Filter>
    </ClInclude>
    <ClInclude Include="$(LXSDK)\include\lxsurface.h">
      <Filter>Header Files</Filter>
    </ClInclude>
    <ClInclude Include="$(LXSDK)\include\lxtableau.h">
      <Filter>Header Files</Filter>
    </ClInclude>
    <ClInclude Include="$(LXSDK)\include\lxthread.h">
      <Filter>Header Files</Filter>
    </ClInclude>
    <ClInclude Include="$(LXSDK)\include\lxthumbbrowse.h">
      <Filter>Header Files</Filter>
    </ClInclude>
    <ClInclude Include="$(LXSDK)\include\lxtool.h">
      <Filter>Header Files</Filter>
    </ClInclude>
    <ClInclude Include="$(LXSDK)\include\lxtoolui.h">
      <Filter>Header Files</Filter>
    </ClInclude>
    <ClInclude Include="$(LXSDK)\include\lxtree.h">
      <Filter>Header Files</Filter>
    </ClInclude>
    <ClInclude Include="$(LXSDK)\include\lxtreeview.h">
      <Filter>Header Files</Filter>
    </ClInclude>
    <ClInclude Include="$(LXSDK)\include\lxtrisurf.h">
      <Filter>Header Files</Filter>
    </ClInclude>
    <ClInclude Include="$(LXSDK)\include\lxtxtr.h">
      <Filter>Header Files</Filter>
    </ClInclude>
    <ClInclude Include="$(LXSDK)\include\lxuiimage.h">
      <Filter>Header Files</Filter>
    </ClInclude>
    <ClInclude Include="$(LXSDK)\include\lxundo.h">
      <Filter>Header Files</Filter>
    </ClInclude>
    <ClInclude Include="$(LXSDK)\include\lxu_attrdesc.hpp">
      <Filter>Header Files</Filter>
    </ClInclude>
    <ClInclude Include="$(LXSDK)\include\lxu_attributes.hpp">
      <Filter>Header Files</Filter>
    </ClInclude>
    <ClInclude Include="$(LXSDK)\include\lxu_chanmod.hpp">
      <Filter>Header Files</Filter>
    </ClInclude>
    <ClInclude Include="$(LXSDK)\include\lxu_command.hpp">
      <Filter>Header Files</Filter>
    </ClInclude>
    <ClInclude Include="$(LXSDK)\include\lxu_deform.hpp">
      <Filter>Header Files</Filter>
    </ClInclude>
    <ClInclude Include="$(LXSDK)\include\lxu_dialog.hpp">
      <Filter>Header Files</Filter>
    </ClInclude>
    <ClInclude Include="$(LXSDK)\include\lxu_drawover.hpp">
      <Filter>Header Files</Filter>
    </ClInclude>
    <ClInclude Include="$(LXSDK)\include\lxu_drop.hpp">
      <Filter>Header Files</Filter>
    </ClInclude>
    <ClInclude Include="$(LXSDK)\include\lxu_format.hpp">
      <Filter>Header Files</Filter>
    </ClInclude>
    <ClInclude Include="$(LXSDK)\include\lxu_geometry.hpp">
      <Filter>Header Files</Filter>
    </ClInclude>
    <ClInclude Include="$(LXSDK)\include\lxu_geometry_triangulation.hpp">
      <Filter>Header Files</Filter>
    </ClInclude>
    <ClInclude Include="$(LXSDK)\include\lxu_getstring.hpp">
      <Filter>Header Files</Filter>
    </ClInclude>
    <ClInclude Include="$(LXSDK)\include\lxu_io.hpp">
      <Filter>Header Files</Filter>
    </ClInclude>
    <ClInclude Include="$(LXSDK)\include\lxu_log.hpp">
      <Filter>Header Files</Filter>
    </ClInclude>
    <ClInclude Include="$(LXSDK)\include\lxu_math.hpp">
      <Filter>Header Files</Filter>
    </ClInclude>
    <ClInclude Include="$(LXSDK)\include\lxu_matrix.hpp">
      <Filter>Header Files</Filter>
    </ClInclude>
    <ClInclude Include="$(LXSDK)\include\lxu_message.hpp">
      <Filter>Header Files</Filter>
    </ClInclude>
    <ClInclude Include="$(LXSDK)\include\lxu_meta.hpp">
      <Filter>Header Files</Filter>
    </ClInclude>
    <ClInclude Include="$(LXSDK)\include\lxu_modifier.hpp">
      <Filter>Header Files</Filter>
    </ClInclude>
    <ClInclude Include="$(LXSDK)\include\lxu_octree.hpp">
      <Filter>Header Files</Filter>
    </ClInclude>
    <ClInclude Include="$(LXSDK)\include\lxu_oqtree.hpp">
      <Filter>Header Files</Filter>
    </ClInclude>
    <ClInclude Include="$(LXSDK)\include\lxu_package.hpp">
      <Filter>Header Files</Filter>
    </ClInclude>
    <ClInclude Include="$(LXSDK)\include\lxu_parser.hpp">
      <Filter>Header Files</Filter>
    </ClInclude>
    <ClInclude Include="$(LXSDK)\include\lxu_prefvalue.hpp">
      <Filter>Header Files</Filter>
    </ClInclude>
    <ClInclude Include="$(LXSDK)\include\lxu_quaternion.hpp">
      <Filter>Header Files</Filter>
    </ClInclude>
    <ClInclude Include="$(LXSDK)\include\lxu_queries.hpp">
      <Filter>Header Files</Filter>
    </ClInclude>
    <ClInclude Include="$(LXSDK)\include\lxu_rendercontext.hpp">
      <Filter>Header Files</Filter>
    </ClInclude>
    <ClInclude Include="$(LXSDK)\include\lxu_result.hpp">
      <Filter>Header Files</Filter>
    </ClInclude>
    <ClInclude Include="$(LXSDK)\include\lxu_scene.hpp">
      <Filter>Header Files</Filter>
    </ClInclude>
    <ClInclude Include="$(LXSDK)\include\lxu_schematic.hpp">
      <Filter>Header Files</Filter>
    </ClInclude>
    <ClInclude Include="$(LXSDK)\include\lxu_select.hpp">
      <Filter>Header Files</Filter>
    </ClInclude>
    <ClInclude Include="$(LXSDK)\include\lxu_shade.hpp">
      <Filter>Header Files</Filter>
    </ClInclude>
    <ClInclude Include="$(LXSDK)\include\lxu_simd.hpp">
      <Filter>Header Files</Filter>
    </ClInclude>
    <ClInclude Include="$(LXSDK)\include\lxu_surface.hpp">
      <Filter>Header Files</Filter>
    </ClInclude>
    <ClInclude Include="$(LXSDK)\include\lxu_tableau.hpp">
      <Filter>Header Files</Filter>
    </ClInclude>
    <ClInclude Include="$(LXSDK)\include\lxu_value.hpp">
      <Filter>Header Files</Filter>
    </ClInclude>
    <ClInclude Include="$(LXSDK)\include\lxu_vector.hpp">
      <Filter>Header Files</Filter>
    </ClInclude>
    <ClInclude Include="$(LXSDK)\include\lxu_vectorarray.hpp">
      <Filter>Header Files</Filter>
    </ClInclude>
    <ClInclude Include="$(LXSDK)\include\lxvalue.h">
      <Filter>Header Files</Filter>
    </ClInclude>
    <ClInclude Include="$(LXSDK)\include\lxvaluehud.h">
      <Filter>Header Files</Filter>
    </ClInclude>
    <ClInclude Include="$(LXSDK)\include\lxvariation.h">
      <Filter>Header Files</Filter>
    </ClInclude>
    <ClInclude Include="$(LXSDK)\include\lxvector.h">
      <Filter>Header Files</Filter>
    </ClInclude>
    <ClInclude Include="$(LXSDK)\include\lxvectortools.h">
      <Filter>Header Files</Filter>
    </ClInclude>
    <ClInclude Include="$(LXSDK)\include\lxversion.h">
      <Filter>Header Files</Filter>
    </ClInclude>
    <ClInclude Include="$(LXSDK)\include\lxvertex.h">
      <Filter>Header Files</Filter>
    </ClInclude>
    <ClInclude Include="$(LXSDK)\include\lxviewobject.h">
      <Filter>Header Files</Filter>
    </ClInclude>
    <ClInclude Include="$(LXSDK)\include\lxviewportframe.h">
      <Filter>Header Files</Filter>
    </ClInclude>
    <ClInclude Include="$(LXSDK)\include\lxvmath.h">
      <Filter>Header Files</Filter>
    </ClInclude>
    <ClInclude Include="$(LXSDK)\include\lxvmodel.h">
      <Filter>Header Files</Filter>
    </ClInclude>
    <ClInclude Include="$(LXSDK)\include\lxvolume.h">
      <Filter>Header Files</Filter>
    </ClInclude>
    <ClInclude Include="$(LXSDK)\include\lxvp.h">
      <Filter>Header Files</Filter>
    </ClInclude>
    <ClInclude Include="$(LXSDK)\include\lxw_action.hpp">
      <Filter>Header Files</Filter>
    </ClInclude>
    <ClInclude Include="$(LXSDK)\include\lxw_actionclip.hpp">
      <Filter>Header Files</Filter>
    </ClInclude>
    <ClInclude Include="$(LXSDK)\include\lxw_anim.hpp">
      <Filter>Header Files</Filter>
    </ClInclude>
    <ClInclude Include="$(LXSDK)\include\lxw_audio.hpp">
      <Filter>Header Files</Filter>
    </ClInclude>
    <ClInclude Include="$(LXSDK)\include\lxw_chanmod.hpp">
      <Filter>Header Files</Filter>
    </ClInclude>
    <ClInclude Include="$(LXSDK)\include\lxw_channelui.hpp">
      <Filter>Header Files</Filter>
    </ClInclude>
    <ClInclude Include="$(LXSDK)\include\lxw_clip.hpp">
      <Filter>Header Files</Filter>
    </ClInclude>
    <ClInclude Include="$(LXSDK)\include\lxw_cliped.hpp">
      <Filter>Header Files</Filter>
    </ClInclude>
    <ClInclude Include="$(LXSDK)\include\lxw_color.hpp">
      <Filter>Header Files</Filter>
    </ClInclude>
    <ClInclude Include="$(LXSDK)\include\lxw_colormapping.hpp">
      <Filter>Header Files</Filter>
    </ClInclude>
    <ClInclude Include="$(LXSDK)\include\lxw_com.hpp">
      <Filter>Header Files</Filter>
    </ClInclude>
    <ClInclude Include="$(LXSDK)\include\lxw_command.hpp">
      <Filter>Header Files</Filter>
    </ClInclude>
    <ClInclude Include="$(LXSDK)\include\lxw_customview.hpp">
      <Filter>Header Files</Filter>
    </ClInclude>
    <ClInclude Include="$(LXSDK)\include\lxw_deform.hpp">
      <Filter>Header Files</Filter>
    </ClInclude>
    <ClInclude Include="$(LXSDK)\include\lxw_dirbrowse.hpp">
      <Filter>Header Files</Filter>
    </ClInclude>
    <ClInclude Include="$(LXSDK)\include\lxw_draw.hpp">
      <Filter>Header Files</Filter>
    </ClInclude>
    <ClInclude Include="$(LXSDK)\include\lxw_drawover.hpp">
      <Filter>Header Files</Filter>
    </ClInclude>
    <ClInclude Include="$(LXSDK)\include\lxw_drop.hpp">
      <Filter>Header Files</Filter>
    </ClInclude>
    <ClInclude Include="$(LXSDK)\include\lxw_envelope.hpp">
      <Filter>Header Files</Filter>
    </ClInclude>
    <ClInclude Include="$(LXSDK)\include\lxw_externalrender.hpp">
      <Filter>Header Files</Filter>
    </ClInclude>
    <ClInclude Include="$(LXSDK)\include\lxw_file.hpp">
      <Filter>Header Files</Filter>
    </ClInclude>
    <ClInclude Include="$(LXSDK)\include\lxw_filter.hpp">
      <Filter>Header Files</Filter>
    </ClInclude>
    <ClInclude Include="$(LXSDK)\include\lxw_force.hpp">
      <Filter>Header Files</Filter>
    </ClInclude>
    <ClInclude Include="$(LXSDK)\include\lxw_formsys.hpp">
      <Filter>Header Files</Filter>
    </ClInclude>
    <ClInclude Include="$(LXSDK)\include\lxw_group.hpp">
      <Filter>Header Files</Filter>
    </ClInclude>
    <ClInclude Include="$(LXSDK)\include\lxw_groupui.hpp">
      <Filter>Header Files</Filter>
    </ClInclude>
    <ClInclude Include="$(LXSDK)\include\lxw_handles.hpp">
      <Filter>Header Files</Filter>
    </ClInclude>
    <ClInclude Include="$(LXSDK)\include\lxw_image.hpp">
      <Filter>Header Files</Filter>
    </ClInclude>
    <ClInclude Include="$(LXSDK)\include\lxw_imagemon.hpp">
      <Filter>Header Files</Filter>
    </ClInclude>
    <ClInclude Include="$(LXSDK)\include\lxw_inputmap.hpp">
      <Filter>Header Files</Filter>
    </ClInclude>
    <ClInclude Include="$(LXSDK)\include\lxw_interviewer.hpp">
      <Filter>Header Files</Filter>
    </ClInclude>
    <ClInclude Include="$(LXSDK)\include\lxw_intrange.hpp">
      <Filter>Header Files</Filter>
    </ClInclude>
    <ClInclude Include="$(LXSDK)\include\lxw_io.hpp">
      <Filter>Header Files</Filter>
    </ClInclude>
    <ClInclude Include="$(LXSDK)\include\lxw_item.hpp">
      <Filter>Header Files</Filter>
    </ClInclude>
    <ClInclude Include="$(LXSDK)\include\lxw_itemui.hpp">
      <Filter>Header Files</Filter>
    </ClInclude>
    <ClInclude Include="$(LXSDK)\include\lxw_layer.hpp">
      <Filter>Header Files</Filter>
    </ClInclude>
    <ClInclude Include="$(LXSDK)\include\lxw_listcache.hpp">
      <Filter>Header Files</Filter>
    </ClInclude>
    <ClInclude Include="$(LXSDK)\include\lxw_listener.hpp">
      <Filter>Header Files</Filter>
    </ClInclude>
    <ClInclude Include="$(LXSDK)\include\lxw_locator.hpp">
      <Filter>Header Files</Filter>
    </ClInclude>
    <ClInclude Include="$(LXSDK)\include\lxw_log.hpp">
      <Filter>Header Files</Filter>
    </ClInclude>
    <ClInclude Include="$(LXSDK)\include\lxw_media.hpp">
      <Filter>Header Files</Filter>
    </ClInclude>
    <ClInclude Include="$(LXSDK)\include\lxw_mesh.hpp">
      <Filter>Header Files</Filter>
    </ClInclude>
    <ClInclude Include="$(LXSDK)\include\lxw_message.hpp">
      <Filter>Header Files</Filter>
    </ClInclude>
    <ClInclude Include="$(LXSDK)\include\lxw_network.hpp">
      <Filter>Header Files</Filter>
    </ClInclude>
    <ClInclude Include="$(LXSDK)\include\lxw_notify.hpp">
      <Filter>Header Files</Filter>
    </ClInclude>
    <ClInclude Include="$(LXSDK)\include\lxw_package.hpp">
      <Filter>Header Files</Filter>
    </ClInclude>
    <ClInclude Include="$(LXSDK)\include\lxw_particle.hpp">
      <Filter>Header Files</Filter>
    </ClInclude>
    <ClInclude Include="$(LXSDK)\include\lxw_pattern.hpp">
      <Filter>Header Files</Filter>
    </ClInclude>
    <ClInclude Include="$(LXSDK)\include\lxw_persist.hpp">
      <Filter>Header Files</Filter>
    </ClInclude>
    <ClInclude Include="$(LXSDK)\include\lxw_pmodel.hpp">
      <Filter>Header Files</Filter>
    </ClInclude>
    <ClInclude Include="$(LXSDK)\include\lxw_poly.hpp">
      <Filter>Header Files</Filter>
    </ClInclude>
    <ClInclude Include="$(LXSDK)\include\lxw_predest.hpp">
      <Filter>Header Files</Filter>
    </ClInclude>
    <ClInclude Include="$(LXSDK)\include\lxw_pretype.hpp">
      <Filter>Header Files</Filter>
    </ClInclude>
    <ClInclude Include="$(LXSDK)\include\lxw_preview.hpp">
      <Filter>Header Files</Filter>
    </ClInclude>
    <ClInclude Include="$(LXSDK)\include\lxw_projdir.hpp">
      <Filter>Header Files</Filter>
    </ClInclude>
    <ClInclude Include="$(LXSDK)\include\lxw_proxy.hpp">
      <Filter>Header Files</Filter>
    </ClInclude>
    <ClInclude Include="$(LXSDK)\include\lxw_pvedit.hpp">
      <Filter>Header Files</Filter>
    </ClInclude>
    <ClInclude Include="$(LXSDK)\include\lxw_raycast.hpp">
      <Filter>Header Files</Filter>
    </ClInclude>
    <ClInclude Include="$(LXSDK)\include\lxw_render.hpp">
      <Filter>Header Files</Filter>
    </ClInclude>
    <ClInclude Include="$(LXSDK)\include\lxw_rendercache.hpp">
      <Filter>Header Files</Filter>
    </ClInclude>
    <ClInclude Include="$(LXSDK)\include\lxw_renderslot.hpp">
      <Filter>Header Files</Filter>
    </ClInclude>
    <ClInclude Include="$(LXSDK)\include\lxw_rndjob.hpp">
      <Filter>Header Files</Filter>
    </ClInclude>
    <ClInclude Include="$(LXSDK)\include\lxw_schematic.hpp">
      <Filter>Header Files</Filter>
    </ClInclude>
    <ClInclude Include="$(LXSDK)\include\lxw_scripts.hpp">
      <Filter>Header Files</Filter>
    </ClInclude>
    <ClInclude Include="$(LXSDK)\include\lxw_select.hpp">
      <Filter>Header Files</Filter>
    </ClInclude>
    <ClInclude Include="$(LXSDK)\include\lxw_seltypes.hpp">
      <Filter>Header Files</Filter>
    </ClInclude>
    <ClInclude Include="$(LXSDK)\include\lxw_server.hpp">
      <Filter>Header Files</Filter>
    </ClInclude>
    <ClInclude Include="$(LXSDK)\include\lxw_shade.hpp">
      <Filter>Header Files</Filter>
    </ClInclude>
    <ClInclude Include="$(LXSDK)\include\lxw_shdr.hpp">
      <Filter>Header Files</Filter>
    </ClInclude>
    <ClInclude Include="$(LXSDK)\include\lxw_stddialog.hpp">
      <Filter>Header Files</Filter>
    </ClInclude>
    <ClInclude Include="$(LXSDK)\include\lxw_stopwatch.hpp">
      <Filter>Header Files</Filter>
    </ClInclude>
    <ClInclude Include="$(LXSDK)\include\lxw_surface.hpp">
      <Filter>Header Files</Filter>
    </ClInclude>
    <ClInclude Include="$(LXSDK)\include\lxw_tableau.hpp">
      <Filter>Header Files</Filter>
    </ClInclude>
    <ClInclude Include="$(LXSDK)\include\lxw_thread.hpp">
      <Filter>Header Files</Filter>
    </ClInclude>
    <ClInclude Include="$(LXSDK)\include\lxw_thumbbrowse.hpp">
      <Filter>Header Files</Filter>
    </ClInclude>
    <ClInclude Include="$(LXSDK)\include\lxw_tool.hpp">
      <Filter>Header Files</Filter>
    </ClInclude>
    <ClInclude Include="$(LXSDK)\include\lxw_toolui.hpp">
      <Filter>Header Files</Filter>
    </ClInclude>
    <ClInclude Include="$(LXSDK)\include\lxw_tree.hpp">
      <Filter>Header Files</Filter>
    </ClInclude>
    <ClInclude Include="$(LXSDK)\include\lxw_treeview.hpp">
      <Filter>Header Files</Filter>
    </ClInclude>
    <ClInclude Include="$(LXSDK)\include\lxw_trisurf.hpp">
      <Filter>Header Files</Filter>
    </ClInclude>
    <ClInclude Include="$(LXSDK)\include\lxw_txtr.hpp">
      <Filter>Header Files</Filter>
    </ClInclude>
    <ClInclude Include="$(LXSDK)\include\lxw_undo.hpp">
      <Filter>Header Files</Filter>
    </ClInclude>
    <ClInclude Include="$(LXSDK)\include\lxw_value.hpp">
      <Filter>Header Files</Filter>
    </ClInclude>
    <ClInclude Include="$(LXSDK)\include\lxw_valuehud.hpp">
      <Filter>Header Files</Filter>
    </ClInclude>
    <ClInclude Include="$(LXSDK)\include\lxw_variation.hpp">
      <Filter>Header Files</Filter>
    </ClInclude>
    <ClInclude Include="$(LXSDK)\include\lxw_vector.hpp">
      <Filter>Header Files</Filter>
    </ClInclude>
    <ClInclude Include="$(LXSDK)\include\lxw_vectortools.hpp">
      <Filter>Header Files</Filter>
    </ClInclude>
    <ClInclude Include="$(LXSDK)\include\lxw_vertex.hpp">
      <Filter>Header Files</Filter>
    </ClInclude>
    <ClInclude Include="$(LXSDK)\include\lxw_viewobject.hpp">
      <Filter>Header Files</Filter>
    </ClInclude>
    <ClInclude Include="$(LXSDK)\include\lxw_viewportframe.hpp">
      <Filter>Header Files</Filter>
    </ClInclude>
    <ClInclude Include="$(LXSDK)\include\lxw_vmodel.hpp">
      <Filter>Header Files</Filter>
    </ClInclude>
    <ClInclude Include="$(LXSDK)\include\lxw_volume.hpp">
      <Filter>Header Files</Filter>
    </ClInclude>
    <ClInclude Include="$(LXSDK)\include\lxw_vp.hpp">
      <Filter>Header Files</Filter>
    </ClInclude>
    <ClInclude Include="$(LXSDK)\include\lx_action.hpp">
      <Filter>Header Files</Filter>
    </ClInclude>
    <ClInclude Include="$(LXSDK)\include\lx_actionclip.hpp">
      <Filter>Header Files</Filter>
    </ClInclude>
    <ClInclude Include="$(LXSDK)\include\lx_anim.hpp">
      <Filter>Header Files</Filter>
    </ClInclude>
    <ClInclude Include="$(LXSDK)\include\lx_audio.hpp">
      <Filter>Header Files</Filter>
    </ClInclude>
    <ClInclude Include="$(LXSDK)\include\lx_canvasitem.hpp">
      <Filter>Header Files</Filter>
    </ClInclude>
    <ClInclude Include="$(LXSDK)\include\lx_chanmod.hpp">
      <Filter>Header Files</Filter>
    </ClInclude>
    <ClInclude Include="$(LXSDK)\include\lx_channelui.hpp">
      <Filter>Header Files</Filter>
    </ClInclude>
    <ClInclude Include="$(LXSDK)\include\lx_clip.hpp">
      <Filter>Header Files</Filter>
    </ClInclude>
    <ClInclude Include="$(LXSDK)\include\lx_cliped.hpp">
      <Filter>Header Files</Filter>
    </ClInclude>
    <ClInclude Include="$(LXSDK)\include\lx_color.hpp">
      <Filter>Header Files</Filter>
    </ClInclude>
    <ClInclude Include="$(LXSDK)\include\lx_colormapping.hpp">
      <Filter>Header Files</Filter>
    </ClInclude>
    <ClInclude Include="$(LXSDK)\include\lx_com.hpp">
      <Filter>Header Files</Filter>
    </ClInclude>
    <ClInclude Include="$(LXSDK)\include\lx_command.hpp">
      <Filter>Header Files</Filter>
    </ClInclude>
    <ClInclude Include="$(LXSDK)\include\lx_customview.hpp">
      <Filter>Header Files</Filter>
    </ClInclude>
    <ClInclude Include="$(LXSDK)\include\lx_deform.hpp">
      <Filter>Header Files</Filter>
    </ClInclude>
    <ClInclude Include="$(LXSDK)\include\lx_dirbrowse.hpp">
      <Filter>Header Files</Filter>
    </ClInclude>
    <ClInclude Include="$(LXSDK)\include\lx_draw.hpp">
      <Filter>Header Files</Filter>
    </ClInclude>
    <ClInclude Include="$(LXSDK)\include\lx_drawover.hpp">
      <Filter>Header Files</Filter>
    </ClInclude>
    <ClInclude Include="$(LXSDK)\include\lx_drop.hpp">
      <Filter>Header Files</Filter>
    </ClInclude>
    <ClInclude Include="$(LXSDK)\include\lx_envelope.hpp">
      <Filter>Header Files</Filter>
    </ClInclude>
    <ClInclude Include="$(LXSDK)\include\lx_externalrender.hpp">
      <Filter>Header Files</Filter>
    </ClInclude>
    <ClInclude Include="$(LXSDK)\include\lx_file.hpp">
      <Filter>Header Files</Filter>
    </ClInclude>
    <ClInclude Include="$(LXSDK)\include\lx_filter.hpp">
      <Filter>Header Files</Filter>
    </ClInclude>
    <ClInclude Include="$(LXSDK)\include\lx_force.hpp">
      <Filter>Header Files</Filter>
    </ClInclude>
    <ClInclude Include="$(LXSDK)\include\lx_formsys.hpp">
      <Filter>Header Files</Filter>
    </ClInclude>
    <ClInclude Include="$(LXSDK)\include\lx_group.hpp">
      <Filter>Header Files</Filter>
    </ClInclude>
    <ClInclude Include="$(LXSDK)\include\lx_groupui.hpp">
      <Filter>Header Files</Filter>
    </ClInclude>
    <ClInclude Include="$(LXSDK)\include\lx_handles.hpp">
      <Filter>Header Files</Filter>
    </ClInclude>
    <ClInclude Include="$(LXSDK)\include\lx_image.hpp">
      <Filter>Header Files</Filter>
    </ClInclude>
    <ClInclude Include="$(LXSDK)\include\lx_imagemon.hpp">
      <Filter>Header Files</Filter>
    </ClInclude>
    <ClInclude Include="$(LXSDK)\include\lx_inputmap.hpp">
      <Filter>Header Files</Filter>
    </ClInclude>
    <ClInclude Include="$(LXSDK)\include\lx_interviewer.hpp">
      <Filter>Header Files</Filter>
    </ClInclude>
    <ClInclude Include="$(LXSDK)\include\lx_intrange.hpp">
      <Filter>Header Files</Filter>
    </ClInclude>
    <ClInclude Include="$(LXSDK)\include\lx_io.hpp">
      <Filter>Header Files</Filter>
    </ClInclude>
    <ClInclude Include="$(LXSDK)\include\lx_item.hpp">
      <Filter>Header Files</Filter>
    </ClInclude>
    <ClInclude Include="$(LXSDK)\include\lx_itemui.hpp">
      <Filter>Header Files</Filter>
    </ClInclude>
    <ClInclude Include="$(LXSDK)\include\lx_layer.hpp">
      <Filter>Header Files</Filter>
    </ClInclude>
    <ClInclude Include="$(LXSDK)\include\lx_listcache.hpp">
      <Filter>Header Files</Filter>
    </ClInclude>
    <ClInclude Include="$(LXSDK)\include\lx_listener.hpp">
      <Filter>Header Files</Filter>
    </ClInclude>
    <ClInclude Include="$(LXSDK)\include\lx_locator.hpp">
      <Filter>Header Files</Filter>
    </ClInclude>
    <ClInclude Include="$(LXSDK)\include\lx_log.hpp">
      <Filter>Header Files</Filter>
    </ClInclude>
    <ClInclude Include="$(LXSDK)\include\lx_media.hpp">
      <Filter>Header Files</Filter>
    </ClInclude>
    <ClInclude Include="$(LXSDK)\include\lx_mesh.hpp">
      <Filter>Header Files</Filter>
    </ClInclude>
    <ClInclude Include="$(LXSDK)\include\lx_message.hpp">
      <Filter>Header Files</Filter>
    </ClInclude>
    <ClInclude Include="$(LXSDK)\include\lx_network.hpp">
      <Filter>Header Files</Filter>
    </ClInclude>
    <ClInclude Include="$(LXSDK)\include\lx_notify.hpp">
      <Filter>Header Files</Filter>
    </ClInclude>
    <ClInclude Include="$(LXSDK)\include\lx_package.hpp">
      <Filter>Header Files</Filter>
    </ClInclude>
    <ClInclude Include="$(LXSDK)\include\lx_particle.hpp">
      <Filter>Header Files</Filter>
    </ClInclude>
    <ClInclude Include="$(LXSDK)\include\lx_pattern.hpp">
      <Filter>Header Files</Filter>
    </ClInclude>
    <ClInclude Include="$(LXSDK)\include\lx_persist.hpp">
      <Filter>Header Files</Filter>
    </ClInclude>
    <ClInclude Include="$(LXSDK)\include\lx_plugin.hpp">
      <Filter>Header Files</Filter>
    </ClInclude>
    <ClInclude Include="$(LXSDK)\include\lx_pmodel.hpp">
      <Filter>Header Files</Filter>
    </ClInclude>
    <ClInclude Include="$(LXSDK)\include\lx_poly.hpp">
      <Filter>Header Files</Filter>
    </ClInclude>
    <ClInclude Include="$(LXSDK)\include\lx_predest.hpp">
      <Filter>Header Files</Filter>
    </ClInclude>
    <ClInclude Include="$(LXSDK)\include\lx_pretype.hpp">
      <Filter>Header Files</Filter>
    </ClInclude>
    <ClInclude Include="$(LXSDK)\include\lx_preview.hpp">
      <Filter>Header Files</Filter>
    </ClInclude>
    <ClInclude Include="$(LXSDK)\include\lx_projdir.hpp">
      <Filter>Header Files</Filter>
    </ClInclude>
    <ClInclude Include="$(LXSDK)\include\lx_proxy.hpp">
      <Filter>Header Files</Filter>
    </ClInclude>
    <ClInclude Include="$(LXSDK)\include\lx_pvedit.hpp">
      <Filter>Header Files</Filter>
    </ClInclude>
    <ClInclude Include="$(LXSDK)\include\lx_raycast.hpp">
      <Filter>Header Files</Filter>
    </ClInclude>
    <ClInclude Include="$(LXSDK)\include\lx_rendercache.hpp">
      <Filter>Header Files</Filter>
    </ClInclude>
    <ClInclude Include="$(LXSDK)\include\lx_renderslot.hpp">
      <Filter>Header Files</Filter>
    </ClInclude>
    <ClInclude Include="$(LXSDK)\include\lx_rndjob.hpp">
      <Filter>Header Files</Filter>
    </ClInclude>
    <ClInclude Include="$(LXSDK)\include\lx_schematic.hpp">
      <Filter>Header Files</Filter>
    </ClInclude>
    <ClInclude Include="$(LXSDK)\include\lx_scripts.hpp">
      <Filter>Header Files</Filter>
    </ClInclude>
    <ClInclude Include="$(LXSDK)\include\lx_select.hpp">
      <Filter>Header Files</Filter>
    </ClInclude>
    <ClInclude Include="$(LXSDK)\include\lx_seltypes.hpp">
      <Filter>Header Files</Filter>
    </ClInclude>
    <ClInclude Include="$(LXSDK)\include\lx_server.hpp">
      <Filter>Header Files</Filter>
    </ClInclude>
    <ClInclude Include="$(LXSDK)\include\lx_shade.hpp">
      <Filter>Header Files</Filter>
    </ClInclude>
    <ClInclude Include="$(LXSDK)\include\lx_shdr.hpp">
      <Filter>Header Files</Filter>
    </ClInclude>
    <ClInclude Include="$(LXSDK)\include\lx_stddialog.hpp">
      <Filter>Header Files</Filter>
    </ClInclude>
    <ClInclude Include="$(LXSDK)\include\lx_stopwatch.hpp">
      <Filter>Header Files</Filter>
    </ClInclude>
    <ClInclude Include="$(LXSDK)\include\lx_surface.hpp">
      <Filter>Header Files</Filter>
    </ClInclude>
    <ClInclude Include="$(LXSDK)\include\lx_tableau.hpp">
      <Filter>Header Files</Filter>
    </ClInclude>
    <ClInclude Include="$(LXSDK)\include\lx_thread.hpp">
      <Filter>Header Files</Filter>
    </ClInclude>
    <ClInclude Include="$(LXSDK)\include\lx_tool.hpp">
      <Filter>Header Files</Filter>
    </ClInclude>
    <ClInclude Include="$(LXSDK)\include\lx_toolui.hpp">
      <Filter>Header Files</Filter>
    </ClInclude>
    <ClInclude Include="$(LXSDK)\include\lx_tree.hpp">
      <Filter>Header Files</Filter>
    </ClInclude>
    <ClInclude Include="$(LXSDK)\include\lx_treeview.hpp">
      <Filter>Header Files</Filter>
    </ClInclude>
    <ClInclude Include="$(LXSDK)\include\lx_trisurf.hpp">
      <Filter>Header Files</Filter>
    </ClInclude>
    <ClInclude Include="$(LXSDK)\include\lx_undo.hpp">
      <Filter>Header Files</Filter>
    </ClInclude>
    <ClInclude Include="$(LXSDK)\include\lx_util.hpp">
      <Filter>Header Files</Filter>
    </ClInclude>
    <ClInclude Include="$(LXSDK)\include\lx_value.hpp">
      <Filter>Header Files</Filter>
    </ClInclude>
    <ClInclude Include="$(LXSDK)\include\lx_valuehud.hpp">
      <Filter>Header Files</Filter>
    </ClInclude>
    <ClInclude Include="$(LXSDK)\include\lx_variation.hpp">
      <Filter>Header Files</Filter>
    </ClInclude>
    <ClInclude Include="$(LXSDK)\include\lx_vector.hpp">
      <Filter>Header Files</Filter>
    </ClInclude>
    <ClInclude Include="$(LXSDK)\include\lx_vectortools.hpp">
      <Filter>Header Files</Filter>
    </ClInclude>
    <ClInclude Include="$(LXSDK)\include\lx_vertex.hpp">
      <Filter>Header Files</Filter>
    </ClInclude>
    <ClInclude Include="$(LXSDK)\include\lx_viewobject.hpp">
      <Filter>Header Files</Filter>
    </ClInclude>
    <ClInclude Include="$(LXSDK)\include\lx_viewportframe.hpp">
      <Filter>Header Files</Filter>
    </ClInclude>
    <ClInclude Include="$(LXSDK)\include\lx_visitor.hpp">
      <Filter>Header Files</Filter>
    </ClInclude>
    <ClInclude Include="$(LXSDK)\include\lx_vmath.hpp">
      <Filter>Header Files</Filter>
    </ClInclude>
    <ClInclude Include="$(LXSDK)\include\lx_vmodel.hpp">
      <Filter>Header Files</Filter>
    </ClInclude>
    <ClInclude Include="$(LXSDK)\include\lx_volume.hpp">
      <Filter>Header Files</Filter>
    </ClInclude>
    <ClInclude Include="$(LXSDK)\include\lx_vp.hpp">
      <Filter>Header Files</Filter>
    </ClInclude>
    <ClInclude Include="$(LXSDK)\include\lx_wrap.hpp">
      <Filter>Header Files</Filter>
    </ClInclude>
  </ItemGroup>
  <ItemGroup>
    <ClCompile Include="$(LXSDK)\common\clean.cpp">
      <Filter>Source Files</Filter>
    </ClCompile>
    <ClCompile Include="$(LXSDK)\common\cwrap.cpp">
      <Filter>Source Files</Filter>
    </ClCompile>
    <ClCompile Include="$(LXSDK)\common\initialize.cpp">
      <Filter>Source Files</Filter>
    </ClCompile>
    <ClCompile Include="$(LXSDK)\common\lxu_attrdesc.cpp">
      <Filter>Source Files</Filter>
    </ClCompile>
    <ClCompile Include="$(LXSDK)\common\lxu_attributes.cpp">
      <Filter>Source Files</Filter>
    </ClCompile>
    <ClCompile Include="$(LXSDK)\common\lxu_chanmod.cpp">
      <Filter>Source Files</Filter>
    </ClCompile>
    <ClCompile Include="$(LXSDK)\common\lxu_command.cpp">
      <Filter>Source Files</Filter>
    </ClCompile>
    <ClCompile Include="$(LXSDK)\common\lxu_deform.cpp">
      <Filter>Source Files</Filter>
    </ClCompile>
    <ClCompile Include="$(LXSDK)\common\lxu_dialog.cpp">
      <Filter>Source Files</Filter>
    </ClCompile>
    <ClCompile Include="$(LXSDK)\common\lxu_drawover.cpp">
      <Filter>Source Files</Filter>
    </ClCompile>
    <ClCompile Include="$(LXSDK)\common\lxu_drop.cpp">
      <Filter>Source Files</Filter>
    </ClCompile>
    <ClCompile Include="$(LXSDK)\common\lxu_format.cpp">
      <Filter>Source Files</Filter>
    </ClCompile>
    <ClCompile Include="$(LXSDK)\common\lxu_geometry.cpp">
      <Filter>Source Files</Filter>
    </ClCompile>
    <ClCompile Include="$(LXSDK)\common\lxu_geometry_triangulation.cpp">
      <Filter>Source Files</Filter>
    </ClCompile>
    <ClCompile Include="$(LXSDK)\common\lxu_io.cpp">
      <Filter>Source Files</Filter>
    </ClCompile>
    <ClCompile Include="$(LXSDK)\common\lxu_log.cpp">
      <Filter>Source Files</Filter>
    </ClCompile>
    <ClCompile Include="$(LXSDK)\common\lxu_math.cpp">
      <Filter>Source Files</Filter>
    </ClCompile>
    <ClCompile Include="$(LXSDK)\common\lxu_matrix.cpp">
      <Filter>Source Files</Filter>
    </ClCompile>
    <ClCompile Include="$(LXSDK)\common\lxu_message.cpp">
      <Filter>Source Files</Filter>
    </ClCompile>
    <ClCompile Include="$(LXSDK)\common\lxu_meta.cpp">
      <Filter>Source Files</Filter>
    </ClCompile>
    <ClCompile Include="$(LXSDK)\common\lxu_modifier.cpp">
      <Filter>Source Files</Filter>
    </ClCompile>
    <ClCompile Include="$(LXSDK)\common\lxu_octree.cpp">
      <Filter>Source Files</Filter>
    </ClCompile>
    <ClCompile Include="$(LXSDK)\common\lxu_package.cpp">
      <Filter>Source Files</Filter>
    </ClCompile>
    <ClCompile Include="$(LXSDK)\common\lxu_parser.cpp">
      <Filter>Source Files</Filter>
    </ClCompile>
    <ClCompile Include="$(LXSDK)\common\lxu_prefvalue.cpp">
      <Filter>Source Files</Filter>
    </ClCompile>
    <ClCompile Include="$(LXSDK)\common\lxu_quaternion.cpp">
      <Filter>Source Files</Filter>
    </ClCompile>
    <ClCompile Include="$(LXSDK)\common\lxu_queries.cpp">
      <Filter>Source Files</Filter>
    </ClCompile>
    <ClCompile Include="$(LXSDK)\common\lxu_rendercontext.cpp">
      <Filter>Source Files</Filter>
    </ClCompile>
    <ClCompile Include="$(LXSDK)\common\lxu_scene.cpp">
      <Filter>Source Files</Filter>
    </ClCompile>
    <ClCompile Include="$(LXSDK)\common\lxu_schematic.cpp">
      <Filter>Source Files</Filter>
    </ClCompile>
    <ClCompile Include="$(LXSDK)\common\lxu_select.cpp">
      <Filter>Source Files</Filter>
    </ClCompile>
    <ClCompile Include="$(LXSDK)\common\lxu_shade.cpp">
      <Filter>Source Files</Filter>
    </ClCompile>
    <ClCompile Include="$(LXSDK)\common\lxu_simd.cpp">
      <Filter>Source Files</Filter>
    </ClCompile>
    <ClCompile Include="$(LXSDK)\common\lxu_surface.cpp">
      <Filter>Source Files</Filter>
    </ClCompile>
    <ClCompile Include="$(LXSDK)\common\lxu_tableau.cpp">
      <Filter>Source Files</Filter>
    </ClCompile>
    <ClCompile Include="$(LXSDK)\common\lxu_value.cpp">
      <Filter>Source Files</Filter>
    </ClCompile>
    <ClCompile Include="$(LXSDK)\common\lxu_vector.cpp">
      <Filter>Source Files</Filter>
    </ClCompile>
    <ClCompile Include="$(LXSDK)\common\lxu_vectorarray.cpp">
      <Filter>Source Files</Filter>
    </ClCompile>
    <ClCompile Include="$(LXSDK)\common\util.cpp">
      <Filter>Source Files</Filter>
    </ClCompile>
  </ItemGroup>
</Project>