<?xml version="1.0" encoding="utf-8"?>
<Project ToolsVersion="4.0" xmlns="http://schemas.microsoft.com/developer/msbuild/2003">
  <ItemGroup>
    <ClCompile Include="samples\file_io\scene_objio\objio.cxx">
      <Filter>Source Files</Filter>
    </ClCompile>
    <ClCompile Include="samples\file_io\scene_objio\objpb.cxx">
      <Filter>Source Files</Filter>
    </ClCompile>
    <ClCompile Include="samples\file_io\scene_objio\options.cxx">
      <Filter>Source Files</Filter>
    </ClCompile>
  </ItemGroup>
  <ItemGroup>
    <Filter Include="Source Files">
      <UniqueIdentifier>{45fa2588-264c-4fec-a9c7-ebd5c9aea9cf}</UniqueIdentifier>
    </Filter>
    <Filter Include="Header Files">
      <UniqueIdentifier>{6024a965-c493-484d-bbb1-2a581d98388f}</UniqueIdentifier>
    </Filter>
    <Filter Include="Resource Files">
      <UniqueIdentifier>{5abb882b-c418-42e6-b03b-ff460f4d29d7}</UniqueIdentifier>
    </Filter>
  </ItemGroup>
  <ItemGroup>
    <ClInclude Include="samples\file_io\scene_objio\baseGeomTypes.hxx">
      <Filter>Header Files</Filter>
    </ClInclude>
    <ClInclude Include="samples\file_io\scene_objio\lineCommandParser.hxx">
      <Filter>Header Files</Filter>
    </ClInclude>
    <ClInclude Include="samples\file_io\scene_objio\objio.hxx">
      <Filter>Header Files</Filter>
    </ClInclude>
    <ClInclude Include="samples\file_io\scene_objio\objLoader.hxx">
      <Filter>Header Files</Filter>
    </ClInclude>
    <ClInclude Include="samples\file_io\scene_objio\objLogMessage.hxx">
      <Filter>Header Files</Filter>
    </ClInclude>
    <ClInclude Include="samples\file_io\scene_objio\objParser.hxx">
      <Filter>Header Files</Filter>
    </ClInclude>
    <ClInclude Include="samples\file_io\scene_objio\objpb.hxx">
      <Filter>Header Files</Filter>
    </ClInclude>
  </ItemGroup>
  <ItemGroup>
    <None Include="samples\file_io\scene_objio\objexport.cfg" />
    <None Include="samples\file_io\scene_objio\objimport.cfg" />
  </ItemGroup>
</Project>