<?xml version="1.0" encoding="utf-8"?>
<Project ToolsVersion="4.0" xmlns="http://schemas.microsoft.com/developer/msbuild/2003">
  <ItemGroup>
    <ClCompile Include="$(LXSDK)\samples\custom_material\cel\celShader.cxx">
      <Filter>Source Files</Filter>
    </ClCompile>
    <ClCompile Include="$(LXSDK)\samples\custom_material\cel\initialize.cxx">
      <Filter>Source Files</Filter>
    </ClCompile>
  </ItemGroup>
  <ItemGroup>
    <None Include="$(LXSDK)\samples\command\vertvalue\celshader.cfg" />
  </ItemGroup>
  <ItemGroup>
    <Filter Include="Source Files">
      <UniqueIdentifier>{a2de5361-7786-4c0e-8c6d-f99d850bcd78}</UniqueIdentifier>
    </Filter>
    <Filter Include="Header Files">
      <UniqueIdentifier>{9111c96e-fed4-4d5c-834f-df24cc4e7f1f}</UniqueIdentifier>
    </Filter>
    <Filter Include="Resource Files">
      <UniqueIdentifier>{c5689a2f-c81f-4877-a4b9-38251f16c8ab}</UniqueIdentifier>
    </Filter>
  </ItemGroup>
  <ItemGroup>
    <ClInclude Include="$(LXSDK)\samples\custom_material\cel\celShader.hxx">
      <Filter>Header Files</Filter>
    </ClInclude>
  </ItemGroup>
</Project>