<?xml version="1.0" encoding="utf-8"?>
<Project ToolsVersion="4.0" xmlns="http://schemas.microsoft.com/developer/msbuild/2003">
  <ItemGroup>
    <ClCompile Include="$(LXSDK)\samples\custom_material\cel_edges\initialize.cxx">
      <Filter>Source Files</Filter>
    </ClCompile>
    <ClCompile Include="$(LXSDK)\samples\custom_material\cel_edges\shdCelEdges.cxx">
      <Filter>Source Files</Filter>
    </ClCompile>
  </ItemGroup>
  <ItemGroup>
    <None Include="$(LXSDK)\samples\command\vertvalue\shdCelEdges.cfg" />
  </ItemGroup>
  <ItemGroup>
    <Filter Include="Source Files">
      <UniqueIdentifier>{21c736b7-9bfc-488b-a665-f9c42d7c20a7}</UniqueIdentifier>
    </Filter>
    <Filter Include="Header Files">
      <UniqueIdentifier>{e692ecca-a0f0-4bef-8513-c73fe3354ce9}</UniqueIdentifier>
    </Filter>
    <Filter Include="Resource Files">
      <UniqueIdentifier>{3529cb9e-4f92-49de-9d7e-0db28fba484c}</UniqueIdentifier>
    </Filter>
  </ItemGroup>
  <ItemGroup>
    <ClInclude Include="$(LXSDK)\samples\custom_material\cel_edges\shdCelEdges.hxx">
      <Filter>Header Files</Filter>
    </ClInclude>
  </ItemGroup>
</Project>