<?xml version="1.0" encoding="utf-8"?>
<Project ToolsVersion="4.0" xmlns="http://schemas.microsoft.com/developer/msbuild/2003">
  <ItemGroup>
    <ClCompile Include="$(LXSDK)\samples\custom_material\skin\initialize.cxx">
      <Filter>Source Files</Filter>
    </ClCompile>
    <ClCompile Include="$(LXSDK)\samples\custom_material\skin\skinShader.cxx">
      <Filter>Source Files</Filter>
    </ClCompile>
  </ItemGroup>
  <ItemGroup>
    <None Include="$(LXSDK)\samples\custom_material\skin\skinshader.cfg" />
  </ItemGroup>
  <ItemGroup>
    <Filter Include="Source Files">
      <UniqueIdentifier>{b0fc91ba-50e0-4415-a773-d07aaaa7bbec}</UniqueIdentifier>
    </Filter>
    <Filter Include="Header Files">
      <UniqueIdentifier>{2fb1a120-b157-44db-b9e0-ef9ff191bd29}</UniqueIdentifier>
    </Filter>
    <Filter Include="Resource Files">
      <UniqueIdentifier>{dd322b78-1b3e-4f40-98f1-1fcd266d4052}</UniqueIdentifier>
    </Filter>
  </ItemGroup>
  <ItemGroup>
    <ClInclude Include="samples\custom_material\skin\skinShader.hxx">
      <Filter>Header Files</Filter>
    </ClInclude>
  </ItemGroup>
</Project>