<?xml version="1.0" encoding="utf-8"?>
<Project ToolsVersion="4.0" xmlns="http://schemas.microsoft.com/developer/msbuild/2003">
  <ItemGroup>
    <Filter Include="Source Files">
      <UniqueIdentifier>{6a5081a4-e388-43b2-913a-54f10cf8929b}</UniqueIdentifier>
    </Filter>
    <Filter Include="Header Files">
      <UniqueIdentifier>{90743cbb-d225-4d59-8e9c-d3098e0bcd5b}</UniqueIdentifier>
    </Filter>
    <Filter Include="Resource Files">
      <UniqueIdentifier>{8fbe7dcb-304d-4c2a-a3cb-75a71d4bb259}</UniqueIdentifier>
    </Filter>
  </ItemGroup>
  <ItemGroup>
    <ClCompile Include="$(LXSDK)\samples\mesh_operations\create_vertex\initialize.cxx">
      <Filter>Source Files</Filter>
    </ClCompile>
    <ClCompile Include="create_vertex\pmodel_createVertex.cxx">
      <Filter>Source Files</Filter>
    </ClCompile>
  </ItemGroup>
  <ItemGroup>
    <None Include="create_vertex\pmodel_createVertex.cfg" />
  </ItemGroup>
  <ItemGroup>
    <ClInclude Include="create_vertex\pmodel_createVertex.hxx">
      <Filter>Header Files</Filter>
    </ClInclude>
  </ItemGroup>
</Project>