<?xml version="1.0" encoding="utf-8"?>
<Project ToolsVersion="4.0" xmlns="http://schemas.microsoft.com/developer/msbuild/2003">
  <ItemGroup>
    <Filter Include="Source Files">
      <UniqueIdentifier>{63c3df92-e7e5-49d5-8f5c-467c55fa5182}</UniqueIdentifier>
    </Filter>
    <Filter Include="Header Files">
      <UniqueIdentifier>{a849ec14-080f-4667-af84-1ea9a37ba35c}</UniqueIdentifier>
    </Filter>
    <Filter Include="Resource Files">
      <UniqueIdentifier>{d7e6276a-d995-4181-a60a-38f2c4d02aca}</UniqueIdentifier>
    </Filter>
  </ItemGroup>
  <ItemGroup>
    <ClCompile Include="$(LXSDK)\samples\item_type\surface_sphere\orbitem.cxx">
      <Filter>Source Files</Filter>
    </ClCompile>
  </ItemGroup>
  <ItemGroup>
    <None Include="samples\item_type\surface_sphere\orbitem.cfg" />
  </ItemGroup>
</Project>