<?xml version="1.0" encoding="utf-8"?>
<Project ToolsVersion="4.0" xmlns="http://schemas.microsoft.com/developer/msbuild/2003">
  <ItemGroup>
    <Filter Include="Source Files">
      <UniqueIdentifier>{45340a10-82d5-464c-9fa7-f0b61d8f49e0}</UniqueIdentifier>
    </Filter>
    <Filter Include="Header Files">
      <UniqueIdentifier>{c52938bc-5da4-47d5-b536-64c1c592f0ff}</UniqueIdentifier>
    </Filter>
    <Filter Include="Resource Files">
      <UniqueIdentifier>{91801e78-7220-49a1-b457-9d7f14d4e684}</UniqueIdentifier>
    </Filter>
  </ItemGroup>
  <ItemGroup>
    <None Include="samples\item_type\particle_gasket\gasket.cfg" />
  </ItemGroup>
  <ItemGroup>
    <Image Include="samples\item_type\particle_gasket\gasket.tga" />
  </ItemGroup>
  <ItemGroup>
    <ClCompile Include="samples\item_type\particle_gasket\gasket.cxx">
      <Filter>Source Files</Filter>
    </ClCompile>
  </ItemGroup>
</Project>