<?xml version="1.0" encoding="utf-8"?>
<Project ToolsVersion="4.0" xmlns="http://schemas.microsoft.com/developer/msbuild/2003">
  <ItemGroup>
    <Filter Include="Source Files">
      <UniqueIdentifier>{34eb6e31-ccc7-4cb8-8513-f2d22a9cf6f9}</UniqueIdentifier>
    </Filter>
    <Filter Include="Header Files">
      <UniqueIdentifier>{270ab1ac-a0c1-43f0-9b9f-2eac82f7bfdb}</UniqueIdentifier>
    </Filter>
    <Filter Include="Resource Files">
      <UniqueIdentifier>{0ee6fe31-0b96-43f0-9779-8bf6b52ff975}</UniqueIdentifier>
    </Filter>
  </ItemGroup>
  <ItemGroup>
    <None Include="samples\image_monitor\histogram\histogrammonitor.cfg" />
  </ItemGroup>
  <ItemGroup>
    <ClCompile Include="samples\image_monitor\histogram\histogrammonitor.cxx">
      <Filter>Source Files</Filter>
    </ClCompile>
  </ItemGroup>
  <ItemGroup>
    <ClInclude Include="samples\image_monitor\histogram\histogrammonitor.hxx">
      <Filter>Header Files</Filter>
    </ClInclude>
  </ItemGroup>
</Project>