<?xml version="1.0" encoding="utf-8"?>
<Project ToolsVersion="4.0" xmlns="http://schemas.microsoft.com/developer/msbuild/2003">
  <ItemGroup>
    <ClCompile Include="$(LXSDK)\samples\command\vertvalue\vertvalue.cxx">
      <Filter>Source Files</Filter>
    </ClCompile>
    <ClCompile Include="$(LXSDK)\samples\command\vertvalue\instsrc.cxx">
      <Filter>Source Files</Filter>
    </ClCompile>
  </ItemGroup>
  <ItemGroup>
    <None Include="$(LXSDK)\samples\command\vertvalue\vertvalue.cfg" />
  </ItemGroup>
  <ItemGroup>
    <Filter Include="Header Files">
      <UniqueIdentifier>{6529bebc-30ad-4fe7-b700-ea620b368e61}</UniqueIdentifier>
    </Filter>
    <Filter Include="Resource Files">
      <UniqueIdentifier>{cac73325-c045-4958-8c8d-1aec79555a85}</UniqueIdentifier>
    </Filter>
    <Filter Include="Source Files">
      <UniqueIdentifier>{91b46301-7dc6-4552-bd2f-4e4b067997f3}</UniqueIdentifier>
    </Filter>
  </ItemGroup>
</Project>